// !$*UTF8*$!
{
	archiveVersion = 1;
	classes = {
	};
	objectVersion = 56;
	objects = {

/* Begin PBXBuildFile section */
		4D1876BE2CA6394F000180DC /* Constants.swift in Sources */ = {isa = PBXBuildFile; fileRef = 4D1876BD2CA6394F000180DC /* Constants.swift */; };
		4D1876C02CA6397E000180DC /* BottomNavBarView.swift in Sources */ = {isa = PBXBuildFile; fileRef = 4D1876BF2CA6397E000180DC /* BottomNavBarView.swift */; };
		4D1876C22CA639D8000180DC /* BaseView.swift in Sources */ = {isa = PBXBuildFile; fileRef = 4D1876C12CA639D8000180DC /* BaseView.swift */; };
		4D1876C42CA67352000180DC /* TopTabView.swift in Sources */ = {isa = PBXBuildFile; fileRef = 4D1876C32CA67352000180DC /* TopTabView.swift */; };
		4D2127D52CC7C7B400C5457E /* AddPageViewModel.swift in Sources */ = {isa = PBXBuildFile; fileRef = 4D2127D42CC7C7B400C5457E /* AddPageViewModel.swift */; };
		4D2127D72CC91BB600C5457E /* Texts.swift in Sources */ = {isa = PBXBuildFile; fileRef = 4D2127D62CC91BB600C5457E /* Texts.swift */; };
		4D2127D92CC91D7F00C5457E /* MealImageLarge.swift in Sources */ = {isa = PBXBuildFile; fileRef = 4D2127D82CC91D7F00C5457E /* MealImageLarge.swift */; };
		4D37DBBD2BC56BB10083433E /* SettingRowView.swift in Sources */ = {isa = PBXBuildFile; fileRef = 4D37DBBC2BC56BB10083433E /* SettingRowView.swift */; };
		4D54DEFE2BADCA4700101545 /* NoNameApp.swift in Sources */ = {isa = PBXBuildFile; fileRef = 4D54DEFD2BADCA4700101545 /* NoNameApp.swift */; };
		4D54DF002BADCA4700101545 /* ContentView.swift in Sources */ = {isa = PBXBuildFile; fileRef = 4D54DEFF2BADCA4700101545 /* ContentView.swift */; };
		4D54DF022BADCA4900101545 /* Assets.xcassets in Resources */ = {isa = PBXBuildFile; fileRef = 4D54DF012BADCA4900101545 /* Assets.xcassets */; };
		4D54DF052BADCA4900101545 /* Preview Assets.xcassets in Resources */ = {isa = PBXBuildFile; fileRef = 4D54DF042BADCA4900101545 /* Preview Assets.xcassets */; };
		4D54DF142BADCBA400101545 /* LoginView.swift in Sources */ = {isa = PBXBuildFile; fileRef = 4D54DF132BADCBA400101545 /* LoginView.swift */; };
		4D54DF162BADCD4300101545 /* InputView.swift in Sources */ = {isa = PBXBuildFile; fileRef = 4D54DF152BADCD4300101545 /* InputView.swift */; };
		4D54DF182BADD47000101545 /* RegistrationView.swift in Sources */ = {isa = PBXBuildFile; fileRef = 4D54DF172BADD47000101545 /* RegistrationView.swift */; };
		4D54DF202BAFA9BD00101545 /* User.swift in Sources */ = {isa = PBXBuildFile; fileRef = 4D54DF1F2BAFA9BD00101545 /* User.swift */; };
		4D54DF222BAFBA3C00101545 /* GoogleService-Info.plist in Resources */ = {isa = PBXBuildFile; fileRef = 4D54DF212BAFBA3C00101545 /* GoogleService-Info.plist */; };
		4D54DF252BAFBB2300101545 /* FirebaseAnalytics in Frameworks */ = {isa = PBXBuildFile; productRef = 4D54DF242BAFBB2300101545 /* FirebaseAnalytics */; };
		4D54DF272BAFBB2300101545 /* FirebaseAnalyticsOnDeviceConversion in Frameworks */ = {isa = PBXBuildFile; productRef = 4D54DF262BAFBB2300101545 /* FirebaseAnalyticsOnDeviceConversion */; };
		4D54DF292BAFBB2300101545 /* FirebaseAnalyticsSwift in Frameworks */ = {isa = PBXBuildFile; productRef = 4D54DF282BAFBB2300101545 /* FirebaseAnalyticsSwift */; };
		4D54DF2B2BAFBB2300101545 /* FirebaseAnalyticsWithoutAdIdSupport in Frameworks */ = {isa = PBXBuildFile; productRef = 4D54DF2A2BAFBB2300101545 /* FirebaseAnalyticsWithoutAdIdSupport */; };
		4D54DF2D2BAFBB2300101545 /* FirebaseAppCheck in Frameworks */ = {isa = PBXBuildFile; productRef = 4D54DF2C2BAFBB2300101545 /* FirebaseAppCheck */; };
		4D54DF2F2BAFBB2300101545 /* FirebaseAppDistribution-Beta in Frameworks */ = {isa = PBXBuildFile; productRef = 4D54DF2E2BAFBB2300101545 /* FirebaseAppDistribution-Beta */; };
		4D54DF312BAFBB2300101545 /* FirebaseAuth in Frameworks */ = {isa = PBXBuildFile; productRef = 4D54DF302BAFBB2300101545 /* FirebaseAuth */; };
		4D54DF332BAFBB2300101545 /* FirebaseAuthCombine-Community in Frameworks */ = {isa = PBXBuildFile; productRef = 4D54DF322BAFBB2300101545 /* FirebaseAuthCombine-Community */; };
		4D54DF352BAFBB2300101545 /* FirebaseCrashlytics in Frameworks */ = {isa = PBXBuildFile; productRef = 4D54DF342BAFBB2300101545 /* FirebaseCrashlytics */; };
		4D54DF372BAFBB2300101545 /* FirebaseDatabase in Frameworks */ = {isa = PBXBuildFile; productRef = 4D54DF362BAFBB2300101545 /* FirebaseDatabase */; };
		4D54DF392BAFBB2300101545 /* FirebaseDatabaseSwift in Frameworks */ = {isa = PBXBuildFile; productRef = 4D54DF382BAFBB2300101545 /* FirebaseDatabaseSwift */; };
		4D54DF3B2BAFBB2300101545 /* FirebaseDynamicLinks in Frameworks */ = {isa = PBXBuildFile; productRef = 4D54DF3A2BAFBB2300101545 /* FirebaseDynamicLinks */; };
		4D54DF3D2BAFBB2300101545 /* FirebaseFirestore in Frameworks */ = {isa = PBXBuildFile; productRef = 4D54DF3C2BAFBB2300101545 /* FirebaseFirestore */; };
		4D54DF3F2BAFBB2300101545 /* FirebaseFirestoreCombine-Community in Frameworks */ = {isa = PBXBuildFile; productRef = 4D54DF3E2BAFBB2300101545 /* FirebaseFirestoreCombine-Community */; };
		4D54DF412BAFBB2300101545 /* FirebaseFirestoreSwift in Frameworks */ = {isa = PBXBuildFile; productRef = 4D54DF402BAFBB2300101545 /* FirebaseFirestoreSwift */; };
		4D54DF432BAFBB2300101545 /* FirebaseFunctions in Frameworks */ = {isa = PBXBuildFile; productRef = 4D54DF422BAFBB2300101545 /* FirebaseFunctions */; };
		4D54DF452BAFBB2300101545 /* FirebaseFunctionsCombine-Community in Frameworks */ = {isa = PBXBuildFile; productRef = 4D54DF442BAFBB2300101545 /* FirebaseFunctionsCombine-Community */; };
		4D54DF472BAFBB2300101545 /* FirebaseInAppMessaging-Beta in Frameworks */ = {isa = PBXBuildFile; productRef = 4D54DF462BAFBB2300101545 /* FirebaseInAppMessaging-Beta */; };
		4D54DF492BAFBB2300101545 /* FirebaseInAppMessagingSwift-Beta in Frameworks */ = {isa = PBXBuildFile; productRef = 4D54DF482BAFBB2300101545 /* FirebaseInAppMessagingSwift-Beta */; };
		4D54DF4B2BAFBB2300101545 /* FirebaseInstallations in Frameworks */ = {isa = PBXBuildFile; productRef = 4D54DF4A2BAFBB2300101545 /* FirebaseInstallations */; };
		4D54DF4D2BAFBB2300101545 /* FirebaseMLModelDownloader in Frameworks */ = {isa = PBXBuildFile; productRef = 4D54DF4C2BAFBB2300101545 /* FirebaseMLModelDownloader */; };
		4D54DF4F2BAFBB2300101545 /* FirebaseMessaging in Frameworks */ = {isa = PBXBuildFile; productRef = 4D54DF4E2BAFBB2300101545 /* FirebaseMessaging */; };
		4D54DF512BAFBB2300101545 /* FirebasePerformance in Frameworks */ = {isa = PBXBuildFile; productRef = 4D54DF502BAFBB2300101545 /* FirebasePerformance */; };
		4D54DF532BAFBB2300101545 /* FirebaseRemoteConfig in Frameworks */ = {isa = PBXBuildFile; productRef = 4D54DF522BAFBB2300101545 /* FirebaseRemoteConfig */; };
		4D54DF552BAFBB2300101545 /* FirebaseRemoteConfigSwift in Frameworks */ = {isa = PBXBuildFile; productRef = 4D54DF542BAFBB2300101545 /* FirebaseRemoteConfigSwift */; };
		4D54DF572BAFBB2300101545 /* FirebaseStorage in Frameworks */ = {isa = PBXBuildFile; productRef = 4D54DF562BAFBB2300101545 /* FirebaseStorage */; };
		4D54DF592BAFBB2300101545 /* FirebaseStorageCombine-Community in Frameworks */ = {isa = PBXBuildFile; productRef = 4D54DF582BAFBB2300101545 /* FirebaseStorageCombine-Community */; };
		4D54DF5D2BAFBBCF00101545 /* AuthViewModel.swift in Sources */ = {isa = PBXBuildFile; fileRef = 4D54DF5C2BAFBBCF00101545 /* AuthViewModel.swift */; };
		4D56C6192BB8E92B002ABB9F /* StepRepository.swift in Sources */ = {isa = PBXBuildFile; fileRef = 4D56C6182BB8E92B002ABB9F /* StepRepository.swift */; };
		4D56C6232BBAE637002ABB9F /* Collection.swift in Sources */ = {isa = PBXBuildFile; fileRef = 4D56C6222BBAE637002ABB9F /* Collection.swift */; };
		4D6A94372CD45C46007C68C2 /* SettingViewController.swift in Sources */ = {isa = PBXBuildFile; fileRef = 4D6A94362CD45C46007C68C2 /* SettingViewController.swift */; };
		4D6A94392CD45C97007C68C2 /* SettingViewController.storyboard in Resources */ = {isa = PBXBuildFile; fileRef = 4D6A94382CD45C97007C68C2 /* SettingViewController.storyboard */; };
		4D6A943B2CD473B8007C68C2 /* PrimaryButton.swift in Sources */ = {isa = PBXBuildFile; fileRef = 4D6A943A2CD473B8007C68C2 /* PrimaryButton.swift */; };
		4D73F9E52CBBC033002CBB7A /* HomePageViewModel.swift in Sources */ = {isa = PBXBuildFile; fileRef = 4D73F9E42CBBC033002CBB7A /* HomePageViewModel.swift */; };
		4D73F9E72CC135B7002CBB7A /* ImagePicker.swift in Sources */ = {isa = PBXBuildFile; fileRef = 4D73F9E62CC135B7002CBB7A /* ImagePicker.swift */; };
		4D73F9E92CC13AFA002CBB7A /* MealImage.swift in Sources */ = {isa = PBXBuildFile; fileRef = 4D73F9E82CC13AFA002CBB7A /* MealImage.swift */; };
		4D73F9EB2CC13B20002CBB7A /* HealthDataConteiner.swift in Sources */ = {isa = PBXBuildFile; fileRef = 4D73F9EA2CC13B20002CBB7A /* HealthDataConteiner.swift */; };
		4D73F9ED2CC13B6A002CBB7A /* CaloriesConteiner.swift in Sources */ = {isa = PBXBuildFile; fileRef = 4D73F9EC2CC13B6A002CBB7A /* CaloriesConteiner.swift */; };
		4D7D39A22CC22437001534E1 /* Meal.swift in Sources */ = {isa = PBXBuildFile; fileRef = 4D7D39A12CC22437001534E1 /* Meal.swift */; };
		4DDEC62A2CC4E26C00E4EAFA /* StorageRepository.swift in Sources */ = {isa = PBXBuildFile; fileRef = 4DDEC6292CC4E26C00E4EAFA /* StorageRepository.swift */; };
		4DDEC62C2CC4F06500E4EAFA /* MealRepository.swift in Sources */ = {isa = PBXBuildFile; fileRef = 4DDEC62B2CC4F06500E4EAFA /* MealRepository.swift */; };
		4DE08D5E2CAE5DCB00277825 /* HomePage.swift in Sources */ = {isa = PBXBuildFile; fileRef = 4DE08D5D2CAE5DCB00277825 /* HomePage.swift */; };
		4DE08D612CAE5E3E00277825 /* VideoPage.swift in Sources */ = {isa = PBXBuildFile; fileRef = 4DE08D602CAE5E3E00277825 /* VideoPage.swift */; };
		4DE08D632CAE5E5B00277825 /* AddPage.swift in Sources */ = {isa = PBXBuildFile; fileRef = 4DE08D622CAE5E5B00277825 /* AddPage.swift */; };
		4DE08D652CAE5E8900277825 /* NotificationPage.swift in Sources */ = {isa = PBXBuildFile; fileRef = 4DE08D642CAE5E8900277825 /* NotificationPage.swift */; };
		4DE08D692CAE625200277825 /* DashedCircleText.swift in Sources */ = {isa = PBXBuildFile; fileRef = 4DE08D682CAE625200277825 /* DashedCircleText.swift */; };
		4DE08D6B2CAE667B00277825 /* CircleText.swift in Sources */ = {isa = PBXBuildFile; fileRef = 4DE08D6A2CAE667B00277825 /* CircleText.swift */; };
/* End PBXBuildFile section */

/* Begin PBXFileReference section */
		4D1876BD2CA6394F000180DC /* Constants.swift */ = {isa = PBXFileReference; lastKnownFileType = sourcecode.swift; path = Constants.swift; sourceTree = "<group>"; };
		4D1876BF2CA6397E000180DC /* BottomNavBarView.swift */ = {isa = PBXFileReference; lastKnownFileType = sourcecode.swift; path = BottomNavBarView.swift; sourceTree = "<group>"; };
		4D1876C12CA639D8000180DC /* BaseView.swift */ = {isa = PBXFileReference; lastKnownFileType = sourcecode.swift; path = BaseView.swift; sourceTree = "<group>"; };
		4D1876C32CA67352000180DC /* TopTabView.swift */ = {isa = PBXFileReference; lastKnownFileType = sourcecode.swift; path = TopTabView.swift; sourceTree = "<group>"; };
		4D2127D42CC7C7B400C5457E /* AddPageViewModel.swift */ = {isa = PBXFileReference; lastKnownFileType = sourcecode.swift; path = AddPageViewModel.swift; sourceTree = "<group>"; };
		4D2127D62CC91BB600C5457E /* Texts.swift */ = {isa = PBXFileReference; lastKnownFileType = sourcecode.swift; path = Texts.swift; sourceTree = "<group>"; };
		4D2127D82CC91D7F00C5457E /* MealImageLarge.swift */ = {isa = PBXFileReference; lastKnownFileType = sourcecode.swift; path = MealImageLarge.swift; sourceTree = "<group>"; };
		4D37DBBC2BC56BB10083433E /* SettingRowView.swift */ = {isa = PBXFileReference; lastKnownFileType = sourcecode.swift; path = SettingRowView.swift; sourceTree = "<group>"; };
		4D54DEFA2BADCA4700101545 /* NoName.app */ = {isa = PBXFileReference; explicitFileType = wrapper.application; includeInIndex = 0; path = NoName.app; sourceTree = BUILT_PRODUCTS_DIR; };
		4D54DEFD2BADCA4700101545 /* NoNameApp.swift */ = {isa = PBXFileReference; lastKnownFileType = sourcecode.swift; path = NoNameApp.swift; sourceTree = "<group>"; };
		4D54DEFF2BADCA4700101545 /* ContentView.swift */ = {isa = PBXFileReference; lastKnownFileType = sourcecode.swift; path = ContentView.swift; sourceTree = "<group>"; };
		4D54DF012BADCA4900101545 /* Assets.xcassets */ = {isa = PBXFileReference; lastKnownFileType = folder.assetcatalog; path = Assets.xcassets; sourceTree = "<group>"; };
		4D54DF042BADCA4900101545 /* Preview Assets.xcassets */ = {isa = PBXFileReference; lastKnownFileType = folder.assetcatalog; path = "Preview Assets.xcassets"; sourceTree = "<group>"; };
		4D54DF132BADCBA400101545 /* LoginView.swift */ = {isa = PBXFileReference; lastKnownFileType = sourcecode.swift; path = LoginView.swift; sourceTree = "<group>"; };
		4D54DF152BADCD4300101545 /* InputView.swift */ = {isa = PBXFileReference; lastKnownFileType = sourcecode.swift; path = InputView.swift; sourceTree = "<group>"; };
		4D54DF172BADD47000101545 /* RegistrationView.swift */ = {isa = PBXFileReference; lastKnownFileType = sourcecode.swift; path = RegistrationView.swift; sourceTree = "<group>"; };
		4D54DF1F2BAFA9BD00101545 /* User.swift */ = {isa = PBXFileReference; lastKnownFileType = sourcecode.swift; path = User.swift; sourceTree = "<group>"; };
		4D54DF212BAFBA3C00101545 /* GoogleService-Info.plist */ = {isa = PBXFileReference; fileEncoding = 4; lastKnownFileType = text.plist.xml; path = "GoogleService-Info.plist"; sourceTree = "<group>"; };
		4D54DF5C2BAFBBCF00101545 /* AuthViewModel.swift */ = {isa = PBXFileReference; lastKnownFileType = sourcecode.swift; path = AuthViewModel.swift; sourceTree = "<group>"; };
		4D56C6182BB8E92B002ABB9F /* StepRepository.swift */ = {isa = PBXFileReference; lastKnownFileType = sourcecode.swift; path = StepRepository.swift; sourceTree = "<group>"; };
		4D56C61A2BB8EB4D002ABB9F /* NoName.entitlements */ = {isa = PBXFileReference; lastKnownFileType = text.plist.entitlements; path = NoName.entitlements; sourceTree = "<group>"; };
		4D56C61B2BB8EB9D002ABB9F /* Info.plist */ = {isa = PBXFileReference; lastKnownFileType = text.plist; path = Info.plist; sourceTree = "<group>"; };
		4D56C6222BBAE637002ABB9F /* Collection.swift */ = {isa = PBXFileReference; lastKnownFileType = sourcecode.swift; path = Collection.swift; sourceTree = "<group>"; };
		4D6A94362CD45C46007C68C2 /* SettingViewController.swift */ = {isa = PBXFileReference; lastKnownFileType = sourcecode.swift; path = SettingViewController.swift; sourceTree = "<group>"; };
		4D6A94382CD45C97007C68C2 /* SettingViewController.storyboard */ = {isa = PBXFileReference; lastKnownFileType = file.storyboard; path = SettingViewController.storyboard; sourceTree = "<group>"; };
		4D6A943A2CD473B8007C68C2 /* PrimaryButton.swift */ = {isa = PBXFileReference; lastKnownFileType = sourcecode.swift; path = PrimaryButton.swift; sourceTree = "<group>"; };
		4D73F9E42CBBC033002CBB7A /* HomePageViewModel.swift */ = {isa = PBXFileReference; lastKnownFileType = sourcecode.swift; path = HomePageViewModel.swift; sourceTree = "<group>"; };
		4D73F9E62CC135B7002CBB7A /* ImagePicker.swift */ = {isa = PBXFileReference; lastKnownFileType = sourcecode.swift; path = ImagePicker.swift; sourceTree = "<group>"; };
		4D73F9E82CC13AFA002CBB7A /* MealImage.swift */ = {isa = PBXFileReference; lastKnownFileType = sourcecode.swift; path = MealImage.swift; sourceTree = "<group>"; };
		4D73F9EA2CC13B20002CBB7A /* HealthDataConteiner.swift */ = {isa = PBXFileReference; lastKnownFileType = sourcecode.swift; path = HealthDataConteiner.swift; sourceTree = "<group>"; };
		4D73F9EC2CC13B6A002CBB7A /* CaloriesConteiner.swift */ = {isa = PBXFileReference; lastKnownFileType = sourcecode.swift; path = CaloriesConteiner.swift; sourceTree = "<group>"; };
		4D7D39A12CC22437001534E1 /* Meal.swift */ = {isa = PBXFileReference; lastKnownFileType = sourcecode.swift; path = Meal.swift; sourceTree = "<group>"; };
		4DDEC6292CC4E26C00E4EAFA /* StorageRepository.swift */ = {isa = PBXFileReference; lastKnownFileType = sourcecode.swift; path = StorageRepository.swift; sourceTree = "<group>"; };
		4DDEC62B2CC4F06500E4EAFA /* MealRepository.swift */ = {isa = PBXFileReference; lastKnownFileType = sourcecode.swift; path = MealRepository.swift; sourceTree = "<group>"; };
		4DE08D5D2CAE5DCB00277825 /* HomePage.swift */ = {isa = PBXFileReference; lastKnownFileType = sourcecode.swift; path = HomePage.swift; sourceTree = "<group>"; };
		4DE08D602CAE5E3E00277825 /* VideoPage.swift */ = {isa = PBXFileReference; lastKnownFileType = sourcecode.swift; path = VideoPage.swift; sourceTree = "<group>"; };
		4DE08D622CAE5E5B00277825 /* AddPage.swift */ = {isa = PBXFileReference; lastKnownFileType = sourcecode.swift; path = AddPage.swift; sourceTree = "<group>"; };
		4DE08D642CAE5E8900277825 /* NotificationPage.swift */ = {isa = PBXFileReference; lastKnownFileType = sourcecode.swift; path = NotificationPage.swift; sourceTree = "<group>"; };
		4DE08D682CAE625200277825 /* DashedCircleText.swift */ = {isa = PBXFileReference; lastKnownFileType = sourcecode.swift; path = DashedCircleText.swift; sourceTree = "<group>"; };
		4DE08D6A2CAE667B00277825 /* CircleText.swift */ = {isa = PBXFileReference; lastKnownFileType = sourcecode.swift; path = CircleText.swift; sourceTree = "<group>"; };
/* End PBXFileReference section */

/* Begin PBXFrameworksBuildPhase section */
		4D54DEF72BADCA4700101545 /* Frameworks */ = {
			isa = PBXFrameworksBuildPhase;
			buildActionMask = 2147483647;
			files = (
				4D54DF372BAFBB2300101545 /* FirebaseDatabase in Frameworks */,
				4D54DF452BAFBB2300101545 /* FirebaseFunctionsCombine-Community in Frameworks */,
				4D54DF3D2BAFBB2300101545 /* FirebaseFirestore in Frameworks */,
				4D54DF292BAFBB2300101545 /* FirebaseAnalyticsSwift in Frameworks */,
				4D54DF252BAFBB2300101545 /* FirebaseAnalytics in Frameworks */,
				4D54DF272BAFBB2300101545 /* FirebaseAnalyticsOnDeviceConversion in Frameworks */,
				4D54DF4D2BAFBB2300101545 /* FirebaseMLModelDownloader in Frameworks */,
				4D54DF412BAFBB2300101545 /* FirebaseFirestoreSwift in Frameworks */,
				4D54DF2D2BAFBB2300101545 /* FirebaseAppCheck in Frameworks */,
				4D54DF2B2BAFBB2300101545 /* FirebaseAnalyticsWithoutAdIdSupport in Frameworks */,
				4D54DF312BAFBB2300101545 /* FirebaseAuth in Frameworks */,
				4D54DF352BAFBB2300101545 /* FirebaseCrashlytics in Frameworks */,
				4D54DF552BAFBB2300101545 /* FirebaseRemoteConfigSwift in Frameworks */,
				4D54DF472BAFBB2300101545 /* FirebaseInAppMessaging-Beta in Frameworks */,
				4D54DF392BAFBB2300101545 /* FirebaseDatabaseSwift in Frameworks */,
				4D54DF432BAFBB2300101545 /* FirebaseFunctions in Frameworks */,
				4D54DF592BAFBB2300101545 /* FirebaseStorageCombine-Community in Frameworks */,
				4D54DF532BAFBB2300101545 /* FirebaseRemoteConfig in Frameworks */,
				4D54DF2F2BAFBB2300101545 /* FirebaseAppDistribution-Beta in Frameworks */,
				4D54DF332BAFBB2300101545 /* FirebaseAuthCombine-Community in Frameworks */,
				4D54DF512BAFBB2300101545 /* FirebasePerformance in Frameworks */,
				4D54DF492BAFBB2300101545 /* FirebaseInAppMessagingSwift-Beta in Frameworks */,
				4D54DF572BAFBB2300101545 /* FirebaseStorage in Frameworks */,
				4D54DF3B2BAFBB2300101545 /* FirebaseDynamicLinks in Frameworks */,
				4D54DF3F2BAFBB2300101545 /* FirebaseFirestoreCombine-Community in Frameworks */,
				4D54DF4F2BAFBB2300101545 /* FirebaseMessaging in Frameworks */,
				4D54DF4B2BAFBB2300101545 /* FirebaseInstallations in Frameworks */,
			);
			runOnlyForDeploymentPostprocessing = 0;
		};
/* End PBXFrameworksBuildPhase section */

/* Begin PBXGroup section */
		4D54DEF12BADCA4700101545 = {
			isa = PBXGroup;
			children = (
				4D54DEFC2BADCA4700101545 /* NoName */,
				4D54DEFB2BADCA4700101545 /* Products */,
			);
			sourceTree = "<group>";
		};
		4D54DEFB2BADCA4700101545 /* Products */ = {
			isa = PBXGroup;
			children = (
				4D54DEFA2BADCA4700101545 /* NoName.app */,
			);
			name = Products;
			sourceTree = "<group>";
		};
		4D54DEFC2BADCA4700101545 /* NoName */ = {
			isa = PBXGroup;
			children = (
				4D54DEFD2BADCA4700101545 /* NoNameApp.swift */,
				4D56C6212BBAE61C002ABB9F /* utility */,
				4D56C61D2BBAD471002ABB9F /* View */,
				4D56C61C2BBAD437002ABB9F /* ViewModel */,
				4D56C61B2BB8EB9D002ABB9F /* Info.plist */,
				4D56C61A2BB8EB4D002ABB9F /* NoName.entitlements */,
				4D56C6172BB8E8F3002ABB9F /* Repository */,
				4D54DF0C2BADCA7200101545 /* Model */,
				4D54DF012BADCA4900101545 /* Assets.xcassets */,
				4D54DF212BAFBA3C00101545 /* GoogleService-Info.plist */,
				4D54DF032BADCA4900101545 /* Preview Content */,
			);
			path = NoName;
			sourceTree = "<group>";
		};
		4D54DF032BADCA4900101545 /* Preview Content */ = {
			isa = PBXGroup;
			children = (
				4D54DF042BADCA4900101545 /* Preview Assets.xcassets */,
			);
			path = "Preview Content";
			sourceTree = "<group>";
		};
		4D54DF0C2BADCA7200101545 /* Model */ = {
			isa = PBXGroup;
			children = (
				4D54DF1F2BAFA9BD00101545 /* User.swift */,
				4D7D39A12CC22437001534E1 /* Meal.swift */,
			);
			path = Model;
			sourceTree = "<group>";
		};
		4D56C6172BB8E8F3002ABB9F /* Repository */ = {
			isa = PBXGroup;
			children = (
				4D56C6182BB8E92B002ABB9F /* StepRepository.swift */,
				4DDEC6292CC4E26C00E4EAFA /* StorageRepository.swift */,
				4DDEC62B2CC4F06500E4EAFA /* MealRepository.swift */,
			);
			path = Repository;
			sourceTree = "<group>";
		};
		4D56C61C2BBAD437002ABB9F /* ViewModel */ = {
			isa = PBXGroup;
			children = (
				4D54DF5C2BAFBBCF00101545 /* AuthViewModel.swift */,
				4D73F9E42CBBC033002CBB7A /* HomePageViewModel.swift */,
				4D2127D42CC7C7B400C5457E /* AddPageViewModel.swift */,
				4D6A94362CD45C46007C68C2 /* SettingViewController.swift */,
			);
			path = ViewModel;
			sourceTree = "<group>";
		};
		4D56C61D2BBAD471002ABB9F /* View */ = {
			isa = PBXGroup;
			children = (
				4DE08D5F2CAE5DED00277825 /* Page */,
				4D56C61E2BBAD4B3002ABB9F /* Component */,
				4D54DEFF2BADCA4700101545 /* ContentView.swift */,
				4D54DF172BADD47000101545 /* RegistrationView.swift */,
				4D54DF132BADCBA400101545 /* LoginView.swift */,
				4D1876C12CA639D8000180DC /* BaseView.swift */,
			);
			path = View;
			sourceTree = "<group>";
		};
		4D56C61E2BBAD4B3002ABB9F /* Component */ = {
			isa = PBXGroup;
			children = (
				4D54DF152BADCD4300101545 /* InputView.swift */,
				4D37DBBC2BC56BB10083433E /* SettingRowView.swift */,
				4D1876BF2CA6397E000180DC /* BottomNavBarView.swift */,
				4D1876C32CA67352000180DC /* TopTabView.swift */,
				4DE08D682CAE625200277825 /* DashedCircleText.swift */,
				4DE08D6A2CAE667B00277825 /* CircleText.swift */,
				4D73F9E82CC13AFA002CBB7A /* MealImage.swift */,
				4D73F9EA2CC13B20002CBB7A /* HealthDataConteiner.swift */,
				4D73F9EC2CC13B6A002CBB7A /* CaloriesConteiner.swift */,
				4D2127D82CC91D7F00C5457E /* MealImageLarge.swift */,
				4D6A943A2CD473B8007C68C2 /* PrimaryButton.swift */,
			);
			path = Component;
			sourceTree = "<group>";
		};
		4D56C6212BBAE61C002ABB9F /* utility */ = {
			isa = PBXGroup;
			children = (
				4D56C6222BBAE637002ABB9F /* Collection.swift */,
				4D1876BD2CA6394F000180DC /* Constants.swift */,
				4D73F9E62CC135B7002CBB7A /* ImagePicker.swift */,
				4D2127D62CC91BB600C5457E /* Texts.swift */,
			);
			path = utility;
			sourceTree = "<group>";
		};
		4DE08D5F2CAE5DED00277825 /* Page */ = {
			isa = PBXGroup;
			children = (
				4DE08D5D2CAE5DCB00277825 /* HomePage.swift */,
				4DE08D602CAE5E3E00277825 /* VideoPage.swift */,
				4DE08D622CAE5E5B00277825 /* AddPage.swift */,
				4DE08D642CAE5E8900277825 /* NotificationPage.swift */,
				4D6A94382CD45C97007C68C2 /* SettingViewController.storyboard */,
			);
			path = Page;
			sourceTree = "<group>";
		};
/* End PBXGroup section */

/* Begin PBXNativeTarget section */
		4D54DEF92BADCA4700101545 /* NoName */ = {
			isa = PBXNativeTarget;
			buildConfigurationList = 4D54DF082BADCA4900101545 /* Build configuration list for PBXNativeTarget "NoName" */;
			buildPhases = (
				4D54DEF62BADCA4700101545 /* Sources */,
				4D54DEF72BADCA4700101545 /* Frameworks */,
				4D54DEF82BADCA4700101545 /* Resources */,
			);
			buildRules = (
			);
			dependencies = (
			);
			name = NoName;
			packageProductDependencies = (
				4D54DF242BAFBB2300101545 /* FirebaseAnalytics */,
				4D54DF262BAFBB2300101545 /* FirebaseAnalyticsOnDeviceConversion */,
				4D54DF282BAFBB2300101545 /* FirebaseAnalyticsSwift */,
				4D54DF2A2BAFBB2300101545 /* FirebaseAnalyticsWithoutAdIdSupport */,
				4D54DF2C2BAFBB2300101545 /* FirebaseAppCheck */,
				4D54DF2E2BAFBB2300101545 /* FirebaseAppDistribution-Beta */,
				4D54DF302BAFBB2300101545 /* FirebaseAuth */,
				4D54DF322BAFBB2300101545 /* FirebaseAuthCombine-Community */,
				4D54DF342BAFBB2300101545 /* FirebaseCrashlytics */,
				4D54DF362BAFBB2300101545 /* FirebaseDatabase */,
				4D54DF382BAFBB2300101545 /* FirebaseDatabaseSwift */,
				4D54DF3A2BAFBB2300101545 /* FirebaseDynamicLinks */,
				4D54DF3C2BAFBB2300101545 /* FirebaseFirestore */,
				4D54DF3E2BAFBB2300101545 /* FirebaseFirestoreCombine-Community */,
				4D54DF402BAFBB2300101545 /* FirebaseFirestoreSwift */,
				4D54DF422BAFBB2300101545 /* FirebaseFunctions */,
				4D54DF442BAFBB2300101545 /* FirebaseFunctionsCombine-Community */,
				4D54DF462BAFBB2300101545 /* FirebaseInAppMessaging-Beta */,
				4D54DF482BAFBB2300101545 /* FirebaseInAppMessagingSwift-Beta */,
				4D54DF4A2BAFBB2300101545 /* FirebaseInstallations */,
				4D54DF4C2BAFBB2300101545 /* FirebaseMLModelDownloader */,
				4D54DF4E2BAFBB2300101545 /* FirebaseMessaging */,
				4D54DF502BAFBB2300101545 /* FirebasePerformance */,
				4D54DF522BAFBB2300101545 /* FirebaseRemoteConfig */,
				4D54DF542BAFBB2300101545 /* FirebaseRemoteConfigSwift */,
				4D54DF562BAFBB2300101545 /* FirebaseStorage */,
				4D54DF582BAFBB2300101545 /* FirebaseStorageCombine-Community */,
			);
			productName = NoName;
			productReference = 4D54DEFA2BADCA4700101545 /* NoName.app */;
			productType = "com.apple.product-type.application";
		};
/* End PBXNativeTarget section */

/* Begin PBXProject section */
		4D54DEF22BADCA4700101545 /* Project object */ = {
			isa = PBXProject;
			attributes = {
				BuildIndependentTargetsInParallel = 1;
				LastSwiftUpdateCheck = 1520;
				LastUpgradeCheck = 1520;
				TargetAttributes = {
					4D54DEF92BADCA4700101545 = {
						CreatedOnToolsVersion = 15.2;
					};
				};
			};
			buildConfigurationList = 4D54DEF52BADCA4700101545 /* Build configuration list for PBXProject "NoName" */;
			compatibilityVersion = "Xcode 14.0";
			developmentRegion = en;
			hasScannedForEncodings = 0;
			knownRegions = (
				en,
				Base,
			);
			mainGroup = 4D54DEF12BADCA4700101545;
			packageReferences = (
				4D54DF232BAFBB2300101545 /* XCRemoteSwiftPackageReference "firebase-ios-sdk" */,
			);
			productRefGroup = 4D54DEFB2BADCA4700101545 /* Products */;
			projectDirPath = "";
			projectRoot = "";
			targets = (
				4D54DEF92BADCA4700101545 /* NoName */,
			);
		};
/* End PBXProject section */

/* Begin PBXResourcesBuildPhase section */
		4D54DEF82BADCA4700101545 /* Resources */ = {
			isa = PBXResourcesBuildPhase;
			buildActionMask = 2147483647;
			files = (
				4D6A94392CD45C97007C68C2 /* SettingViewController.storyboard in Resources */,
				4D54DF052BADCA4900101545 /* Preview Assets.xcassets in Resources */,
				4D54DF022BADCA4900101545 /* Assets.xcassets in Resources */,
				4D54DF222BAFBA3C00101545 /* GoogleService-Info.plist in Resources */,
			);
			runOnlyForDeploymentPostprocessing = 0;
		};
/* End PBXResourcesBuildPhase section */

/* Begin PBXSourcesBuildPhase section */
		4D54DEF62BADCA4700101545 /* Sources */ = {
			isa = PBXSourcesBuildPhase;
			buildActionMask = 2147483647;
			files = (
				4D54DF142BADCBA400101545 /* LoginView.swift in Sources */,
				4D54DF162BADCD4300101545 /* InputView.swift in Sources */,
				4DE08D6B2CAE667B00277825 /* CircleText.swift in Sources */,
				4D1876C42CA67352000180DC /* TopTabView.swift in Sources */,
				4D7D39A22CC22437001534E1 /* Meal.swift in Sources */,
				4DE08D652CAE5E8900277825 /* NotificationPage.swift in Sources */,
				4D54DF002BADCA4700101545 /* ContentView.swift in Sources */,
				4D2127D52CC7C7B400C5457E /* AddPageViewModel.swift in Sources */,
				4D2127D72CC91BB600C5457E /* Texts.swift in Sources */,
				4DDEC62A2CC4E26C00E4EAFA /* StorageRepository.swift in Sources */,
				4D54DEFE2BADCA4700101545 /* NoNameApp.swift in Sources */,
				4D54DF202BAFA9BD00101545 /* User.swift in Sources */,
				4D6A943B2CD473B8007C68C2 /* PrimaryButton.swift in Sources */,
				4D73F9E92CC13AFA002CBB7A /* MealImage.swift in Sources */,
				4D73F9ED2CC13B6A002CBB7A /* CaloriesConteiner.swift in Sources */,
				4D1876C22CA639D8000180DC /* BaseView.swift in Sources */,
				4D1876C02CA6397E000180DC /* BottomNavBarView.swift in Sources */,
				4D73F9E52CBBC033002CBB7A /* HomePageViewModel.swift in Sources */,
				4D73F9EB2CC13B20002CBB7A /* HealthDataConteiner.swift in Sources */,
				4DDEC62C2CC4F06500E4EAFA /* MealRepository.swift in Sources */,
				4D56C6232BBAE637002ABB9F /* Collection.swift in Sources */,
				4DE08D692CAE625200277825 /* DashedCircleText.swift in Sources */,
				4D73F9E72CC135B7002CBB7A /* ImagePicker.swift in Sources */,
				4D54DF182BADD47000101545 /* RegistrationView.swift in Sources */,
				4D6A94372CD45C46007C68C2 /* SettingViewController.swift in Sources */,
				4DE08D5E2CAE5DCB00277825 /* HomePage.swift in Sources */,
				4D1876BE2CA6394F000180DC /* Constants.swift in Sources */,
				4DE08D632CAE5E5B00277825 /* AddPage.swift in Sources */,
				4D56C6192BB8E92B002ABB9F /* StepRepository.swift in Sources */,
				4D2127D92CC91D7F00C5457E /* MealImageLarge.swift in Sources */,
				4D37DBBD2BC56BB10083433E /* SettingRowView.swift in Sources */,
				4DE08D612CAE5E3E00277825 /* VideoPage.swift in Sources */,
				4D54DF5D2BAFBBCF00101545 /* AuthViewModel.swift in Sources */,
			);
			runOnlyForDeploymentPostprocessing = 0;
		};
/* End PBXSourcesBuildPhase section */

/* Begin XCBuildConfiguration section */
		4D54DF062BADCA4900101545 /* Debug */ = {
			isa = XCBuildConfiguration;
			buildSettings = {
				ALWAYS_SEARCH_USER_PATHS = NO;
				ASSETCATALOG_COMPILER_GENERATE_SWIFT_ASSET_SYMBOL_EXTENSIONS = YES;
				CLANG_ANALYZER_NONNULL = YES;
				CLANG_ANALYZER_NUMBER_OBJECT_CONVERSION = YES_AGGRESSIVE;
				CLANG_CXX_LANGUAGE_STANDARD = "gnu++20";
				CLANG_ENABLE_MODULES = YES;
				CLANG_ENABLE_OBJC_ARC = YES;
				CLANG_ENABLE_OBJC_WEAK = YES;
				CLANG_WARN_BLOCK_CAPTURE_AUTORELEASING = YES;
				CLANG_WARN_BOOL_CONVERSION = YES;
				CLANG_WARN_COMMA = YES;
				CLANG_WARN_CONSTANT_CONVERSION = YES;
				CLANG_WARN_DEPRECATED_OBJC_IMPLEMENTATIONS = YES;
				CLANG_WARN_DIRECT_OBJC_ISA_USAGE = YES_ERROR;
				CLANG_WARN_DOCUMENTATION_COMMENTS = YES;
				CLANG_WARN_EMPTY_BODY = YES;
				CLANG_WARN_ENUM_CONVERSION = YES;
				CLANG_WARN_INFINITE_RECURSION = YES;
				CLANG_WARN_INT_CONVERSION = YES;
				CLANG_WARN_NON_LITERAL_NULL_CONVERSION = YES;
				CLANG_WARN_OBJC_IMPLICIT_RETAIN_SELF = YES;
				CLANG_WARN_OBJC_LITERAL_CONVERSION = YES;
				CLANG_WARN_OBJC_ROOT_CLASS = YES_ERROR;
				CLANG_WARN_QUOTED_INCLUDE_IN_FRAMEWORK_HEADER = YES;
				CLANG_WARN_RANGE_LOOP_ANALYSIS = YES;
				CLANG_WARN_STRICT_PROTOTYPES = YES;
				CLANG_WARN_SUSPICIOUS_MOVE = YES;
				CLANG_WARN_UNGUARDED_AVAILABILITY = YES_AGGRESSIVE;
				CLANG_WARN_UNREACHABLE_CODE = YES;
				CLANG_WARN__DUPLICATE_METHOD_MATCH = YES;
				COPY_PHASE_STRIP = NO;
				DEBUG_INFORMATION_FORMAT = dwarf;
				ENABLE_STRICT_OBJC_MSGSEND = YES;
				ENABLE_TESTABILITY = YES;
				ENABLE_USER_SCRIPT_SANDBOXING = YES;
				GCC_C_LANGUAGE_STANDARD = gnu17;
				GCC_DYNAMIC_NO_PIC = NO;
				GCC_NO_COMMON_BLOCKS = YES;
				GCC_OPTIMIZATION_LEVEL = 0;
				GCC_PREPROCESSOR_DEFINITIONS = (
					"DEBUG=1",
					"$(inherited)",
				);
				GCC_WARN_64_TO_32_BIT_CONVERSION = YES;
				GCC_WARN_ABOUT_RETURN_TYPE = YES_ERROR;
				GCC_WARN_UNDECLARED_SELECTOR = YES;
				GCC_WARN_UNINITIALIZED_AUTOS = YES_AGGRESSIVE;
				GCC_WARN_UNUSED_FUNCTION = YES;
				GCC_WARN_UNUSED_VARIABLE = YES;
				IPHONEOS_DEPLOYMENT_TARGET = 17.2;
				LOCALIZATION_PREFERS_STRING_CATALOGS = YES;
				MTL_ENABLE_DEBUG_INFO = INCLUDE_SOURCE;
				MTL_FAST_MATH = YES;
				ONLY_ACTIVE_ARCH = YES;
				SDKROOT = iphoneos;
				SWIFT_ACTIVE_COMPILATION_CONDITIONS = "DEBUG $(inherited)";
				SWIFT_OPTIMIZATION_LEVEL = "-Onone";
			};
			name = Debug;
		};
		4D54DF072BADCA4900101545 /* Release */ = {
			isa = XCBuildConfiguration;
			buildSettings = {
				ALWAYS_SEARCH_USER_PATHS = NO;
				ASSETCATALOG_COMPILER_GENERATE_SWIFT_ASSET_SYMBOL_EXTENSIONS = YES;
				CLANG_ANALYZER_NONNULL = YES;
				CLANG_ANALYZER_NUMBER_OBJECT_CONVERSION = YES_AGGRESSIVE;
				CLANG_CXX_LANGUAGE_STANDARD = "gnu++20";
				CLANG_ENABLE_MODULES = YES;
				CLANG_ENABLE_OBJC_ARC = YES;
				CLANG_ENABLE_OBJC_WEAK = YES;
				CLANG_WARN_BLOCK_CAPTURE_AUTORELEASING = YES;
				CLANG_WARN_BOOL_CONVERSION = YES;
				CLANG_WARN_COMMA = YES;
				CLANG_WARN_CONSTANT_CONVERSION = YES;
				CLANG_WARN_DEPRECATED_OBJC_IMPLEMENTATIONS = YES;
				CLANG_WARN_DIRECT_OBJC_ISA_USAGE = YES_ERROR;
				CLANG_WARN_DOCUMENTATION_COMMENTS = YES;
				CLANG_WARN_EMPTY_BODY = YES;
				CLANG_WARN_ENUM_CONVERSION = YES;
				CLANG_WARN_INFINITE_RECURSION = YES;
				CLANG_WARN_INT_CONVERSION = YES;
				CLANG_WARN_NON_LITERAL_NULL_CONVERSION = YES;
				CLANG_WARN_OBJC_IMPLICIT_RETAIN_SELF = YES;
				CLANG_WARN_OBJC_LITERAL_CONVERSION = YES;
				CLANG_WARN_OBJC_ROOT_CLASS = YES_ERROR;
				CLANG_WARN_QUOTED_INCLUDE_IN_FRAMEWORK_HEADER = YES;
				CLANG_WARN_RANGE_LOOP_ANALYSIS = YES;
				CLANG_WARN_STRICT_PROTOTYPES = YES;
				CLANG_WARN_SUSPICIOUS_MOVE = YES;
				CLANG_WARN_UNGUARDED_AVAILABILITY = YES_AGGRESSIVE;
				CLANG_WARN_UNREACHABLE_CODE = YES;
				CLANG_WARN__DUPLICATE_METHOD_MATCH = YES;
				COPY_PHASE_STRIP = NO;
				DEBUG_INFORMATION_FORMAT = "dwarf-with-dsym";
				ENABLE_NS_ASSERTIONS = NO;
				ENABLE_STRICT_OBJC_MSGSEND = YES;
				ENABLE_USER_SCRIPT_SANDBOXING = YES;
				GCC_C_LANGUAGE_STANDARD = gnu17;
				GCC_NO_COMMON_BLOCKS = YES;
				GCC_WARN_64_TO_32_BIT_CONVERSION = YES;
				GCC_WARN_ABOUT_RETURN_TYPE = YES_ERROR;
				GCC_WARN_UNDECLARED_SELECTOR = YES;
				GCC_WARN_UNINITIALIZED_AUTOS = YES_AGGRESSIVE;
				GCC_WARN_UNUSED_FUNCTION = YES;
				GCC_WARN_UNUSED_VARIABLE = YES;
				IPHONEOS_DEPLOYMENT_TARGET = 17.2;
				LOCALIZATION_PREFERS_STRING_CATALOGS = YES;
				MTL_ENABLE_DEBUG_INFO = NO;
				MTL_FAST_MATH = YES;
				SDKROOT = iphoneos;
				SWIFT_COMPILATION_MODE = wholemodule;
				VALIDATE_PRODUCT = YES;
			};
			name = Release;
		};
		4D54DF092BADCA4900101545 /* Debug */ = {
			isa = XCBuildConfiguration;
			buildSettings = {
				ASSETCATALOG_COMPILER_APPICON_NAME = AppIcon;
				ASSETCATALOG_COMPILER_GLOBAL_ACCENT_COLOR_NAME = AccentColor;
				CODE_SIGN_ENTITLEMENTS = NoName/NoName.entitlements;
				CODE_SIGN_STYLE = Automatic;
				CURRENT_PROJECT_VERSION = 1;
				DEVELOPMENT_ASSET_PATHS = "\"NoName/Preview Content\"";
				DEVELOPMENT_TEAM = 57Z4XDHD98;
				ENABLE_PREVIEWS = YES;
				GENERATE_INFOPLIST_FILE = YES;
				INFOPLIST_FILE = NoName/Info.plist;
				INFOPLIST_KEY_NSHealthShareUsageDescription = "Please allow access to enjoy this app";
				INFOPLIST_KEY_UIApplicationSceneManifest_Generation = YES;
				INFOPLIST_KEY_UIApplicationSupportsIndirectInputEvents = YES;
				INFOPLIST_KEY_UILaunchScreen_Generation = YES;
				INFOPLIST_KEY_UISupportedInterfaceOrientations = UIInterfaceOrientationPortrait;
				INFOPLIST_KEY_UIUserInterfaceStyle = Light;
				IPHONEOS_DEPLOYMENT_TARGET = 17.0;
				LD_RUNPATH_SEARCH_PATHS = (
					"$(inherited)",
					"@executable_path/Frameworks",
				);
				MARKETING_VERSION = 1.0;
				PRODUCT_BUNDLE_IDENTIFIER = com.takaminakajima.NoName;
				PRODUCT_NAME = "$(TARGET_NAME)";
				SUPPORTED_PLATFORMS = "iphoneos iphonesimulator";
				SUPPORTS_MACCATALYST = NO;
				SUPPORTS_MAC_DESIGNED_FOR_IPHONE_IPAD = NO;
				SUPPORTS_XR_DESIGNED_FOR_IPHONE_IPAD = NO;
				SWIFT_EMIT_LOC_STRINGS = YES;
				SWIFT_VERSION = 5.0;
				TARGETED_DEVICE_FAMILY = 1;
			};
			name = Debug;
		};
		4D54DF0A2BADCA4900101545 /* Release */ = {
			isa = XCBuildConfiguration;
			buildSettings = {
				ASSETCATALOG_COMPILER_APPICON_NAME = AppIcon;
				ASSETCATALOG_COMPILER_GLOBAL_ACCENT_COLOR_NAME = AccentColor;
				CODE_SIGN_ENTITLEMENTS = NoName/NoName.entitlements;
				CODE_SIGN_STYLE = Automatic;
				CURRENT_PROJECT_VERSION = 1;
				DEVELOPMENT_ASSET_PATHS = "\"NoName/Preview Content\"";
				DEVELOPMENT_TEAM = 57Z4XDHD98;
				ENABLE_PREVIEWS = YES;
				GENERATE_INFOPLIST_FILE = YES;
				INFOPLIST_FILE = NoName/Info.plist;
				INFOPLIST_KEY_NSHealthShareUsageDescription = "Please allow access to enjoy this app";
				INFOPLIST_KEY_UIApplicationSceneManifest_Generation = YES;
				INFOPLIST_KEY_UIApplicationSupportsIndirectInputEvents = YES;
				INFOPLIST_KEY_UILaunchScreen_Generation = YES;
				INFOPLIST_KEY_UISupportedInterfaceOrientations = UIInterfaceOrientationPortrait;
				INFOPLIST_KEY_UIUserInterfaceStyle = Light;
				IPHONEOS_DEPLOYMENT_TARGET = 17.0;
				LD_RUNPATH_SEARCH_PATHS = (
					"$(inherited)",
					"@executable_path/Frameworks",
				);
				MARKETING_VERSION = 1.0;
				PRODUCT_BUNDLE_IDENTIFIER = com.takaminakajima.NoName;
				PRODUCT_NAME = "$(TARGET_NAME)";
				SUPPORTED_PLATFORMS = "iphoneos iphonesimulator";
				SUPPORTS_MACCATALYST = NO;
				SUPPORTS_MAC_DESIGNED_FOR_IPHONE_IPAD = NO;
				SUPPORTS_XR_DESIGNED_FOR_IPHONE_IPAD = NO;
				SWIFT_EMIT_LOC_STRINGS = YES;
				SWIFT_VERSION = 5.0;
				TARGETED_DEVICE_FAMILY = 1;
			};
			name = Release;
		};
/* End XCBuildConfiguration section */

/* Begin XCConfigurationList section */
		4D54DEF52BADCA4700101545 /* Build configuration list for PBXProject "NoName" */ = {
			isa = XCConfigurationList;
			buildConfigurations = (
				4D54DF062BADCA4900101545 /* Debug */,
				4D54DF072BADCA4900101545 /* Release */,
			);
			defaultConfigurationIsVisible = 0;
			defaultConfigurationName = Release;
		};
		4D54DF082BADCA4900101545 /* Build configuration list for PBXNativeTarget "NoName" */ = {
			isa = XCConfigurationList;
			buildConfigurations = (
				4D54DF092BADCA4900101545 /* Debug */,
				4D54DF0A2BADCA4900101545 /* Release */,
			);
			defaultConfigurationIsVisible = 0;
			defaultConfigurationName = Release;
		};
/* End XCConfigurationList section */

/* Begin XCRemoteSwiftPackageReference section */
		4D54DF232BAFBB2300101545 /* XCRemoteSwiftPackageReference "firebase-ios-sdk" */ = {
			isa = XCRemoteSwiftPackageReference;
			repositoryURL = "https://github.com/firebase/firebase-ios-sdk";
			requirement = {
				kind = upToNextMajorVersion;
				minimumVersion = 10.23.0;
			};
		};
/* End XCRemoteSwiftPackageReference section */

/* Begin XCSwiftPackageProductDependency section */
		4D54DF242BAFBB2300101545 /* FirebaseAnalytics */ = {
			isa = XCSwiftPackageProductDependency;
			package = 4D54DF232BAFBB2300101545 /* XCRemoteSwiftPackageReference "firebase-ios-sdk" */;
			productName = FirebaseAnalytics;
		};
		4D54DF262BAFBB2300101545 /* FirebaseAnalyticsOnDeviceConversion */ = {
			isa = XCSwiftPackageProductDependency;
			package = 4D54DF232BAFBB2300101545 /* XCRemoteSwiftPackageReference "firebase-ios-sdk" */;
			productName = FirebaseAnalyticsOnDeviceConversion;
		};
		4D54DF282BAFBB2300101545 /* FirebaseAnalyticsSwift */ = {
			isa = XCSwiftPackageProductDependency;
			package = 4D54DF232BAFBB2300101545 /* XCRemoteSwiftPackageReference "firebase-ios-sdk" */;
			productName = FirebaseAnalyticsSwift;
		};
		4D54DF2A2BAFBB2300101545 /* FirebaseAnalyticsWithoutAdIdSupport */ = {
			isa = XCSwiftPackageProductDependency;
			package = 4D54DF232BAFBB2300101545 /* XCRemoteSwiftPackageReference "firebase-ios-sdk" */;
			productName = FirebaseAnalyticsWithoutAdIdSupport;
		};
		4D54DF2C2BAFBB2300101545 /* FirebaseAppCheck */ = {
			isa = XCSwiftPackageProductDependency;
			package = 4D54DF232BAFBB2300101545 /* XCRemoteSwiftPackageReference "firebase-ios-sdk" */;
			productName = FirebaseAppCheck;
		};
		4D54DF2E2BAFBB2300101545 /* FirebaseAppDistribution-Beta */ = {
			isa = XCSwiftPackageProductDependency;
			package = 4D54DF232BAFBB2300101545 /* XCRemoteSwiftPackageReference "firebase-ios-sdk" */;
			productName = "FirebaseAppDistribution-Beta";
		};
		4D54DF302BAFBB2300101545 /* FirebaseAuth */ = {
			isa = XCSwiftPackageProductDependency;
			package = 4D54DF232BAFBB2300101545 /* XCRemoteSwiftPackageReference "firebase-ios-sdk" */;
			productName = FirebaseAuth;
		};
		4D54DF322BAFBB2300101545 /* FirebaseAuthCombine-Community */ = {
			isa = XCSwiftPackageProductDependency;
			package = 4D54DF232BAFBB2300101545 /* XCRemoteSwiftPackageReference "firebase-ios-sdk" */;
			productName = "FirebaseAuthCombine-Community";
		};
		4D54DF342BAFBB2300101545 /* FirebaseCrashlytics */ = {
			isa = XCSwiftPackageProductDependency;
			package = 4D54DF232BAFBB2300101545 /* XCRemoteSwiftPackageReference "firebase-ios-sdk" */;
			productName = FirebaseCrashlytics;
		};
		4D54DF362BAFBB2300101545 /* FirebaseDatabase */ = {
			isa = XCSwiftPackageProductDependency;
			package = 4D54DF232BAFBB2300101545 /* XCRemoteSwiftPackageReference "firebase-ios-sdk" */;
			productName = FirebaseDatabase;
		};
		4D54DF382BAFBB2300101545 /* FirebaseDatabaseSwift */ = {
			isa = XCSwiftPackageProductDependency;
			package = 4D54DF232BAFBB2300101545 /* XCRemoteSwiftPackageReference "firebase-ios-sdk" */;
			productName = FirebaseDatabaseSwift;
		};
		4D54DF3A2BAFBB2300101545 /* FirebaseDynamicLinks */ = {
			isa = XCSwiftPackageProductDependency;
			package = 4D54DF232BAFBB2300101545 /* XCRemoteSwiftPackageReference "firebase-ios-sdk" */;
			productName = FirebaseDynamicLinks;
		};
		4D54DF3C2BAFBB2300101545 /* FirebaseFirestore */ = {
			isa = XCSwiftPackageProductDependency;
			package = 4D54DF232BAFBB2300101545 /* XCRemoteSwiftPackageReference "firebase-ios-sdk" */;
			productName = FirebaseFirestore;
		};
		4D54DF3E2BAFBB2300101545 /* FirebaseFirestoreCombine-Community */ = {
			isa = XCSwiftPackageProductDependency;
			package = 4D54DF232BAFBB2300101545 /* XCRemoteSwiftPackageReference "firebase-ios-sdk" */;
			productName = "FirebaseFirestoreCombine-Community";
		};
		4D54DF402BAFBB2300101545 /* FirebaseFirestoreSwift */ = {
			isa = XCSwiftPackageProductDependency;
			package = 4D54DF232BAFBB2300101545 /* XCRemoteSwiftPackageReference "firebase-ios-sdk" */;
			productName = FirebaseFirestoreSwift;
		};
		4D54DF422BAFBB2300101545 /* FirebaseFunctions */ = {
			isa = XCSwiftPackageProductDependency;
			package = 4D54DF232BAFBB2300101545 /* XCRemoteSwiftPackageReference "firebase-ios-sdk" */;
			productName = FirebaseFunctions;
		};
		4D54DF442BAFBB2300101545 /* FirebaseFunctionsCombine-Community */ = {
			isa = XCSwiftPackageProductDependency;
			package = 4D54DF232BAFBB2300101545 /* XCRemoteSwiftPackageReference "firebase-ios-sdk" */;
			productName = "FirebaseFunctionsCombine-Community";
		};
		4D54DF462BAFBB2300101545 /* FirebaseInAppMessaging-Beta */ = {
			isa = XCSwiftPackageProductDependency;
			package = 4D54DF232BAFBB2300101545 /* XCRemoteSwiftPackageReference "firebase-ios-sdk" */;
			productName = "FirebaseInAppMessaging-Beta";
		};
		4D54DF482BAFBB2300101545 /* FirebaseInAppMessagingSwift-Beta */ = {
			isa = XCSwiftPackageProductDependency;
			package = 4D54DF232BAFBB2300101545 /* XCRemoteSwiftPackageReference "firebase-ios-sdk" */;
			productName = "FirebaseInAppMessagingSwift-Beta";
		};
		4D54DF4A2BAFBB2300101545 /* FirebaseInstallations */ = {
			isa = XCSwiftPackageProductDependency;
			package = 4D54DF232BAFBB2300101545 /* XCRemoteSwiftPackageReference "firebase-ios-sdk" */;
			productName = FirebaseInstallations;
		};
		4D54DF4C2BAFBB2300101545 /* FirebaseMLModelDownloader */ = {
			isa = XCSwiftPackageProductDependency;
			package = 4D54DF232BAFBB2300101545 /* XCRemoteSwiftPackageReference "firebase-ios-sdk" */;
			productName = FirebaseMLModelDownloader;
		};
		4D54DF4E2BAFBB2300101545 /* FirebaseMessaging */ = {
			isa = XCSwiftPackageProductDependency;
			package = 4D54DF232BAFBB2300101545 /* XCRemoteSwiftPackageReference "firebase-ios-sdk" */;
			productName = FirebaseMessaging;
		};
		4D54DF502BAFBB2300101545 /* FirebasePerformance */ = {
			isa = XCSwiftPackageProductDependency;
			package = 4D54DF232BAFBB2300101545 /* XCRemoteSwiftPackageReference "firebase-ios-sdk" */;
			productName = FirebasePerformance;
		};
		4D54DF522BAFBB2300101545 /* FirebaseRemoteConfig */ = {
			isa = XCSwiftPackageProductDependency;
			package = 4D54DF232BAFBB2300101545 /* XCRemoteSwiftPackageReference "firebase-ios-sdk" */;
			productName = FirebaseRemoteConfig;
		};
		4D54DF542BAFBB2300101545 /* FirebaseRemoteConfigSwift */ = {
			isa = XCSwiftPackageProductDependency;
			package = 4D54DF232BAFBB2300101545 /* XCRemoteSwiftPackageReference "firebase-ios-sdk" */;
			productName = FirebaseRemoteConfigSwift;
		};
		4D54DF562BAFBB2300101545 /* FirebaseStorage */ = {
			isa = XCSwiftPackageProductDependency;
			package = 4D54DF232BAFBB2300101545 /* XCRemoteSwiftPackageReference "firebase-ios-sdk" */;
			productName = FirebaseStorage;
		};
		4D54DF582BAFBB2300101545 /* FirebaseStorageCombine-Community */ = {
			isa = XCSwiftPackageProductDependency;
			package = 4D54DF232BAFBB2300101545 /* XCRemoteSwiftPackageReference "firebase-ios-sdk" */;
			productName = "FirebaseStorageCombine-Community";
		};
/* End XCSwiftPackageProductDependency section */
	};
	rootObject = 4D54DEF22BADCA4700101545 /* Project object */;
}
