// !$*UTF8*$!
{
	archiveVersion = 1;
	classes = {
	};
	objectVersion = 56;
	objects = {

/* Begin PBXBuildFile section */
		4D37DBB52BC11D800083433E /* SearchUserPage.swift in Sources */ = {isa = PBXBuildFile; fileRef = 4D37DBB42BC11D800083433E /* SearchUserPage.swift */; };
		4D37DBB72BC11DA30083433E /* SearchUserPageViewModel.swift in Sources */ = {isa = PBXBuildFile; fileRef = 4D37DBB62BC11DA30083433E /* SearchUserPageViewModel.swift */; };
		4D37DBB92BC1241F0083433E /* Field.swift in Sources */ = {isa = PBXBuildFile; fileRef = 4D37DBB82BC1241F0083433E /* Field.swift */; };
		4D37DBBD2BC56BB10083433E /* Card.swift in Sources */ = {isa = PBXBuildFile; fileRef = 4D37DBBC2BC56BB10083433E /* Card.swift */; };
		4D4E72072BC588F300B87ABF /* UserRepository.swift in Sources */ = {isa = PBXBuildFile; fileRef = 4D4E72062BC588F300B87ABF /* UserRepository.swift */; };
		4D54DEFE2BADCA4700101545 /* NoNameApp.swift in Sources */ = {isa = PBXBuildFile; fileRef = 4D54DEFD2BADCA4700101545 /* NoNameApp.swift */; };
		4D54DF002BADCA4700101545 /* ContentView.swift in Sources */ = {isa = PBXBuildFile; fileRef = 4D54DEFF2BADCA4700101545 /* ContentView.swift */; };
		4D54DF022BADCA4900101545 /* Assets.xcassets in Resources */ = {isa = PBXBuildFile; fileRef = 4D54DF012BADCA4900101545 /* Assets.xcassets */; };
		4D54DF052BADCA4900101545 /* Preview Assets.xcassets in Resources */ = {isa = PBXBuildFile; fileRef = 4D54DF042BADCA4900101545 /* Preview Assets.xcassets */; };
		4D54DF142BADCBA400101545 /* LoginPage.swift in Sources */ = {isa = PBXBuildFile; fileRef = 4D54DF132BADCBA400101545 /* LoginPage.swift */; };
		4D54DF162BADCD4300101545 /* InputField.swift in Sources */ = {isa = PBXBuildFile; fileRef = 4D54DF152BADCD4300101545 /* InputField.swift */; };
		4D54DF182BADD47000101545 /* RegistrationPage.swift in Sources */ = {isa = PBXBuildFile; fileRef = 4D54DF172BADD47000101545 /* RegistrationPage.swift */; };
		4D54DF1A2BAFA3BE00101545 /* TopPage.swift in Sources */ = {isa = PBXBuildFile; fileRef = 4D54DF192BAFA3BE00101545 /* TopPage.swift */; };
		4D54DF202BAFA9BD00101545 /* UserData.swift in Sources */ = {isa = PBXBuildFile; fileRef = 4D54DF1F2BAFA9BD00101545 /* UserData.swift */; };
		4D54DF222BAFBA3C00101545 /* GoogleService-Info.plist in Resources */ = {isa = PBXBuildFile; fileRef = 4D54DF212BAFBA3C00101545 /* GoogleService-Info.plist */; };
		4D54DF252BAFBB2300101545 /* FirebaseAnalytics in Frameworks */ = {isa = PBXBuildFile; productRef = 4D54DF242BAFBB2300101545 /* FirebaseAnalytics */; };
		4D54DF272BAFBB2300101545 /* FirebaseAnalyticsOnDeviceConversion in Frameworks */ = {isa = PBXBuildFile; productRef = 4D54DF262BAFBB2300101545 /* FirebaseAnalyticsOnDeviceConversion */; };
		4D54DF292BAFBB2300101545 /* FirebaseAnalyticsSwift in Frameworks */ = {isa = PBXBuildFile; productRef = 4D54DF282BAFBB2300101545 /* FirebaseAnalyticsSwift */; };
		4D54DF2B2BAFBB2300101545 /* FirebaseAnalyticsWithoutAdIdSupport in Frameworks */ = {isa = PBXBuildFile; productRef = 4D54DF2A2BAFBB2300101545 /* FirebaseAnalyticsWithoutAdIdSupport */; };
		4D54DF2D2BAFBB2300101545 /* FirebaseAppCheck in Frameworks */ = {isa = PBXBuildFile; productRef = 4D54DF2C2BAFBB2300101545 /* FirebaseAppCheck */; };
		4D54DF2F2BAFBB2300101545 /* FirebaseAppDistribution-Beta in Frameworks */ = {isa = PBXBuildFile; productRef = 4D54DF2E2BAFBB2300101545 /* FirebaseAppDistribution-Beta */; };
		4D54DF312BAFBB2300101545 /* FirebaseAuth in Frameworks */ = {isa = PBXBuildFile; productRef = 4D54DF302BAFBB2300101545 /* FirebaseAuth */; };
		4D54DF332BAFBB2300101545 /* FirebaseAuthCombine-Community in Frameworks */ = {isa = PBXBuildFile; productRef = 4D54DF322BAFBB2300101545 /* FirebaseAuthCombine-Community */; };
		4D54DF352BAFBB2300101545 /* FirebaseCrashlytics in Frameworks */ = {isa = PBXBuildFile; productRef = 4D54DF342BAFBB2300101545 /* FirebaseCrashlytics */; };
		4D54DF372BAFBB2300101545 /* FirebaseDatabase in Frameworks */ = {isa = PBXBuildFile; productRef = 4D54DF362BAFBB2300101545 /* FirebaseDatabase */; };
		4D54DF392BAFBB2300101545 /* FirebaseDatabaseSwift in Frameworks */ = {isa = PBXBuildFile; productRef = 4D54DF382BAFBB2300101545 /* FirebaseDatabaseSwift */; };
		4D54DF3B2BAFBB2300101545 /* FirebaseDynamicLinks in Frameworks */ = {isa = PBXBuildFile; productRef = 4D54DF3A2BAFBB2300101545 /* FirebaseDynamicLinks */; };
		4D54DF3D2BAFBB2300101545 /* FirebaseFirestore in Frameworks */ = {isa = PBXBuildFile; productRef = 4D54DF3C2BAFBB2300101545 /* FirebaseFirestore */; };
		4D54DF3F2BAFBB2300101545 /* FirebaseFirestoreCombine-Community in Frameworks */ = {isa = PBXBuildFile; productRef = 4D54DF3E2BAFBB2300101545 /* FirebaseFirestoreCombine-Community */; };
		4D54DF412BAFBB2300101545 /* FirebaseFirestoreSwift in Frameworks */ = {isa = PBXBuildFile; productRef = 4D54DF402BAFBB2300101545 /* FirebaseFirestoreSwift */; };
		4D54DF432BAFBB2300101545 /* FirebaseFunctions in Frameworks */ = {isa = PBXBuildFile; productRef = 4D54DF422BAFBB2300101545 /* FirebaseFunctions */; };
		4D54DF452BAFBB2300101545 /* FirebaseFunctionsCombine-Community in Frameworks */ = {isa = PBXBuildFile; productRef = 4D54DF442BAFBB2300101545 /* FirebaseFunctionsCombine-Community */; };
		4D54DF472BAFBB2300101545 /* FirebaseInAppMessaging-Beta in Frameworks */ = {isa = PBXBuildFile; productRef = 4D54DF462BAFBB2300101545 /* FirebaseInAppMessaging-Beta */; };
		4D54DF492BAFBB2300101545 /* FirebaseInAppMessagingSwift-Beta in Frameworks */ = {isa = PBXBuildFile; productRef = 4D54DF482BAFBB2300101545 /* FirebaseInAppMessagingSwift-Beta */; };
		4D54DF4B2BAFBB2300101545 /* FirebaseInstallations in Frameworks */ = {isa = PBXBuildFile; productRef = 4D54DF4A2BAFBB2300101545 /* FirebaseInstallations */; };
		4D54DF4D2BAFBB2300101545 /* FirebaseMLModelDownloader in Frameworks */ = {isa = PBXBuildFile; productRef = 4D54DF4C2BAFBB2300101545 /* FirebaseMLModelDownloader */; };
		4D54DF4F2BAFBB2300101545 /* FirebaseMessaging in Frameworks */ = {isa = PBXBuildFile; productRef = 4D54DF4E2BAFBB2300101545 /* FirebaseMessaging */; };
		4D54DF512BAFBB2300101545 /* FirebasePerformance in Frameworks */ = {isa = PBXBuildFile; productRef = 4D54DF502BAFBB2300101545 /* FirebasePerformance */; };
		4D54DF532BAFBB2300101545 /* FirebaseRemoteConfig in Frameworks */ = {isa = PBXBuildFile; productRef = 4D54DF522BAFBB2300101545 /* FirebaseRemoteConfig */; };
		4D54DF552BAFBB2300101545 /* FirebaseRemoteConfigSwift in Frameworks */ = {isa = PBXBuildFile; productRef = 4D54DF542BAFBB2300101545 /* FirebaseRemoteConfigSwift */; };
		4D54DF572BAFBB2300101545 /* FirebaseStorage in Frameworks */ = {isa = PBXBuildFile; productRef = 4D54DF562BAFBB2300101545 /* FirebaseStorage */; };
		4D54DF592BAFBB2300101545 /* FirebaseStorageCombine-Community in Frameworks */ = {isa = PBXBuildFile; productRef = 4D54DF582BAFBB2300101545 /* FirebaseStorageCombine-Community */; };
		4D54DF5D2BAFBBCF00101545 /* AuthViewModel.swift in Sources */ = {isa = PBXBuildFile; fileRef = 4D54DF5C2BAFBBCF00101545 /* AuthViewModel.swift */; };
		4D56C6192BB8E92B002ABB9F /* StepRepository.swift in Sources */ = {isa = PBXBuildFile; fileRef = 4D56C6182BB8E92B002ABB9F /* StepRepository.swift */; };
		4D56C6232BBAE637002ABB9F /* Collection.swift in Sources */ = {isa = PBXBuildFile; fileRef = 4D56C6222BBAE637002ABB9F /* Collection.swift */; };
		4D56C6252BBB75C8002ABB9F /* TopPageViewModel.swift in Sources */ = {isa = PBXBuildFile; fileRef = 4D56C6242BBB75C8002ABB9F /* TopPageViewModel.swift */; };
		4D56C6272BBCCB1E002ABB9F /* StepData.swift in Sources */ = {isa = PBXBuildFile; fileRef = 4D56C6262BBCCB1E002ABB9F /* StepData.swift */; };
		4D56C62A2BBCDC15002ABB9F /* Date.swift in Sources */ = {isa = PBXBuildFile; fileRef = 4D56C6292BBCDC15002ABB9F /* Date.swift */; };
		4D56C62C2BBCE400002ABB9F /* Int.swift in Sources */ = {isa = PBXBuildFile; fileRef = 4D56C62B2BBCE400002ABB9F /* Int.swift */; };
		4D56C62E2BBEADBC002ABB9F /* Color.swift in Sources */ = {isa = PBXBuildFile; fileRef = 4D56C62D2BBEADBC002ABB9F /* Color.swift */; };
		4D629B4E2BCEB164001FAB74 /* ScreenSize.swift in Sources */ = {isa = PBXBuildFile; fileRef = 4D629B4D2BCEB164001FAB74 /* ScreenSize.swift */; };
		4D629B502BCEB280001FAB74 /* AuthRepository.swift in Sources */ = {isa = PBXBuildFile; fileRef = 4D629B4F2BCEB280001FAB74 /* AuthRepository.swift */; };
/* End PBXBuildFile section */

/* Begin PBXFileReference section */
		4D37DBB42BC11D800083433E /* SearchUserPage.swift */ = {isa = PBXFileReference; lastKnownFileType = sourcecode.swift; path = SearchUserPage.swift; sourceTree = "<group>"; };
		4D37DBB62BC11DA30083433E /* SearchUserPageViewModel.swift */ = {isa = PBXFileReference; lastKnownFileType = sourcecode.swift; path = SearchUserPageViewModel.swift; sourceTree = "<group>"; };
		4D37DBB82BC1241F0083433E /* Field.swift */ = {isa = PBXFileReference; lastKnownFileType = sourcecode.swift; path = Field.swift; sourceTree = "<group>"; };
		4D37DBBC2BC56BB10083433E /* Card.swift */ = {isa = PBXFileReference; lastKnownFileType = sourcecode.swift; path = Card.swift; sourceTree = "<group>"; };
		4D4E72062BC588F300B87ABF /* UserRepository.swift */ = {isa = PBXFileReference; lastKnownFileType = sourcecode.swift; path = UserRepository.swift; sourceTree = "<group>"; };
		4D54DEFA2BADCA4700101545 /* NoName.app */ = {isa = PBXFileReference; explicitFileType = wrapper.application; includeInIndex = 0; path = NoName.app; sourceTree = BUILT_PRODUCTS_DIR; };
		4D54DEFD2BADCA4700101545 /* NoNameApp.swift */ = {isa = PBXFileReference; lastKnownFileType = sourcecode.swift; path = NoNameApp.swift; sourceTree = "<group>"; };
		4D54DEFF2BADCA4700101545 /* ContentView.swift */ = {isa = PBXFileReference; lastKnownFileType = sourcecode.swift; path = ContentView.swift; sourceTree = "<group>"; };
		4D54DF012BADCA4900101545 /* Assets.xcassets */ = {isa = PBXFileReference; lastKnownFileType = folder.assetcatalog; path = Assets.xcassets; sourceTree = "<group>"; };
		4D54DF042BADCA4900101545 /* Preview Assets.xcassets */ = {isa = PBXFileReference; lastKnownFileType = folder.assetcatalog; path = "Preview Assets.xcassets"; sourceTree = "<group>"; };
		4D54DF132BADCBA400101545 /* LoginPage.swift */ = {isa = PBXFileReference; lastKnownFileType = sourcecode.swift; path = LoginPage.swift; sourceTree = "<group>"; };
		4D54DF152BADCD4300101545 /* InputField.swift */ = {isa = PBXFileReference; lastKnownFileType = sourcecode.swift; path = InputField.swift; sourceTree = "<group>"; };
		4D54DF172BADD47000101545 /* RegistrationPage.swift */ = {isa = PBXFileReference; lastKnownFileType = sourcecode.swift; path = RegistrationPage.swift; sourceTree = "<group>"; };
		4D54DF192BAFA3BE00101545 /* TopPage.swift */ = {isa = PBXFileReference; lastKnownFileType = sourcecode.swift; path = TopPage.swift; sourceTree = "<group>"; };
		4D54DF1F2BAFA9BD00101545 /* UserData.swift */ = {isa = PBXFileReference; lastKnownFileType = sourcecode.swift; path = UserData.swift; sourceTree = "<group>"; };
		4D54DF212BAFBA3C00101545 /* GoogleService-Info.plist */ = {isa = PBXFileReference; fileEncoding = 4; lastKnownFileType = text.plist.xml; path = "GoogleService-Info.plist"; sourceTree = "<group>"; };
		4D54DF5C2BAFBBCF00101545 /* AuthViewModel.swift */ = {isa = PBXFileReference; lastKnownFileType = sourcecode.swift; path = AuthViewModel.swift; sourceTree = "<group>"; };
		4D56C6182BB8E92B002ABB9F /* StepRepository.swift */ = {isa = PBXFileReference; lastKnownFileType = sourcecode.swift; path = StepRepository.swift; sourceTree = "<group>"; };
		4D56C61A2BB8EB4D002ABB9F /* NoName.entitlements */ = {isa = PBXFileReference; lastKnownFileType = text.plist.entitlements; path = NoName.entitlements; sourceTree = "<group>"; };
		4D56C61B2BB8EB9D002ABB9F /* Info.plist */ = {isa = PBXFileReference; lastKnownFileType = text.plist; path = Info.plist; sourceTree = "<group>"; };
		4D56C6222BBAE637002ABB9F /* Collection.swift */ = {isa = PBXFileReference; lastKnownFileType = sourcecode.swift; path = Collection.swift; sourceTree = "<group>"; };
		4D56C6242BBB75C8002ABB9F /* TopPageViewModel.swift */ = {isa = PBXFileReference; lastKnownFileType = sourcecode.swift; path = TopPageViewModel.swift; sourceTree = "<group>"; };
		4D56C6262BBCCB1E002ABB9F /* StepData.swift */ = {isa = PBXFileReference; lastKnownFileType = sourcecode.swift; path = StepData.swift; sourceTree = "<group>"; };
		4D56C6292BBCDC15002ABB9F /* Date.swift */ = {isa = PBXFileReference; lastKnownFileType = sourcecode.swift; path = Date.swift; sourceTree = "<group>"; };
		4D56C62B2BBCE400002ABB9F /* Int.swift */ = {isa = PBXFileReference; lastKnownFileType = sourcecode.swift; path = Int.swift; sourceTree = "<group>"; };
		4D56C62D2BBEADBC002ABB9F /* Color.swift */ = {isa = PBXFileReference; lastKnownFileType = sourcecode.swift; path = Color.swift; sourceTree = "<group>"; };
		4D629B4D2BCEB164001FAB74 /* ScreenSize.swift */ = {isa = PBXFileReference; lastKnownFileType = sourcecode.swift; path = ScreenSize.swift; sourceTree = "<group>"; };
		4D629B4F2BCEB280001FAB74 /* AuthRepository.swift */ = {isa = PBXFileReference; lastKnownFileType = sourcecode.swift; path = AuthRepository.swift; sourceTree = "<group>"; };
/* End PBXFileReference section */

/* Begin PBXFrameworksBuildPhase section */
		4D54DEF72BADCA4700101545 /* Frameworks */ = {
			isa = PBXFrameworksBuildPhase;
			buildActionMask = 2147483647;
			files = (
				4D54DF372BAFBB2300101545 /* FirebaseDatabase in Frameworks */,
				4D54DF452BAFBB2300101545 /* FirebaseFunctionsCombine-Community in Frameworks */,
				4D54DF3D2BAFBB2300101545 /* FirebaseFirestore in Frameworks */,
				4D54DF292BAFBB2300101545 /* FirebaseAnalyticsSwift in Frameworks */,
				4D54DF252BAFBB2300101545 /* FirebaseAnalytics in Frameworks */,
				4D54DF272BAFBB2300101545 /* FirebaseAnalyticsOnDeviceConversion in Frameworks */,
				4D54DF4D2BAFBB2300101545 /* FirebaseMLModelDownloader in Frameworks */,
				4D54DF412BAFBB2300101545 /* FirebaseFirestoreSwift in Frameworks */,
				4D54DF2D2BAFBB2300101545 /* FirebaseAppCheck in Frameworks */,
				4D54DF2B2BAFBB2300101545 /* FirebaseAnalyticsWithoutAdIdSupport in Frameworks */,
				4D54DF312BAFBB2300101545 /* FirebaseAuth in Frameworks */,
				4D54DF352BAFBB2300101545 /* FirebaseCrashlytics in Frameworks */,
				4D54DF552BAFBB2300101545 /* FirebaseRemoteConfigSwift in Frameworks */,
				4D54DF472BAFBB2300101545 /* FirebaseInAppMessaging-Beta in Frameworks */,
				4D54DF392BAFBB2300101545 /* FirebaseDatabaseSwift in Frameworks */,
				4D54DF432BAFBB2300101545 /* FirebaseFunctions in Frameworks */,
				4D54DF592BAFBB2300101545 /* FirebaseStorageCombine-Community in Frameworks */,
				4D54DF532BAFBB2300101545 /* FirebaseRemoteConfig in Frameworks */,
				4D54DF2F2BAFBB2300101545 /* FirebaseAppDistribution-Beta in Frameworks */,
				4D54DF332BAFBB2300101545 /* FirebaseAuthCombine-Community in Frameworks */,
				4D54DF512BAFBB2300101545 /* FirebasePerformance in Frameworks */,
				4D54DF492BAFBB2300101545 /* FirebaseInAppMessagingSwift-Beta in Frameworks */,
				4D54DF572BAFBB2300101545 /* FirebaseStorage in Frameworks */,
				4D54DF3B2BAFBB2300101545 /* FirebaseDynamicLinks in Frameworks */,
				4D54DF3F2BAFBB2300101545 /* FirebaseFirestoreCombine-Community in Frameworks */,
				4D54DF4F2BAFBB2300101545 /* FirebaseMessaging in Frameworks */,
				4D54DF4B2BAFBB2300101545 /* FirebaseInstallations in Frameworks */,
			);
			runOnlyForDeploymentPostprocessing = 0;
		};
/* End PBXFrameworksBuildPhase section */

/* Begin PBXGroup section */
		4D54DEF12BADCA4700101545 = {
			isa = PBXGroup;
			children = (
				4D54DEFC2BADCA4700101545 /* NoName */,
				4D54DEFB2BADCA4700101545 /* Products */,
			);
			sourceTree = "<group>";
		};
		4D54DEFB2BADCA4700101545 /* Products */ = {
			isa = PBXGroup;
			children = (
				4D54DEFA2BADCA4700101545 /* NoName.app */,
			);
			name = Products;
			sourceTree = "<group>";
		};
		4D54DEFC2BADCA4700101545 /* NoName */ = {
			isa = PBXGroup;
			children = (
				4D56C6282BBCDC05002ABB9F /* extension */,
				4D54DEFD2BADCA4700101545 /* NoNameApp.swift */,
				4D56C6212BBAE61C002ABB9F /* utility */,
				4D56C61D2BBAD471002ABB9F /* View */,
				4D56C61C2BBAD437002ABB9F /* ViewModel */,
				4D56C61B2BB8EB9D002ABB9F /* Info.plist */,
				4D56C61A2BB8EB4D002ABB9F /* NoName.entitlements */,
				4D56C6172BB8E8F3002ABB9F /* Repository */,
				4D54DF0C2BADCA7200101545 /* Model */,
				4D54DF012BADCA4900101545 /* Assets.xcassets */,
				4D54DF212BAFBA3C00101545 /* GoogleService-Info.plist */,
				4D54DF032BADCA4900101545 /* Preview Content */,
			);
			path = NoName;
			sourceTree = "<group>";
		};
		4D54DF032BADCA4900101545 /* Preview Content */ = {
			isa = PBXGroup;
			children = (
				4D54DF042BADCA4900101545 /* Preview Assets.xcassets */,
			);
			path = "Preview Content";
			sourceTree = "<group>";
		};
		4D54DF0C2BADCA7200101545 /* Model */ = {
			isa = PBXGroup;
			children = (
				4D54DF1F2BAFA9BD00101545 /* UserData.swift */,
				4D56C6262BBCCB1E002ABB9F /* StepData.swift */,
			);
			path = Model;
			sourceTree = "<group>";
		};
		4D56C6172BB8E8F3002ABB9F /* Repository */ = {
			isa = PBXGroup;
			children = (
				4D56C6182BB8E92B002ABB9F /* StepRepository.swift */,
				4D4E72062BC588F300B87ABF /* UserRepository.swift */,
				4D629B4F2BCEB280001FAB74 /* AuthRepository.swift */,
			);
			path = Repository;
			sourceTree = "<group>";
		};
		4D56C61C2BBAD437002ABB9F /* ViewModel */ = {
			isa = PBXGroup;
			children = (
				4D54DF5C2BAFBBCF00101545 /* AuthViewModel.swift */,
				4D56C6242BBB75C8002ABB9F /* TopPageViewModel.swift */,
				4D37DBB62BC11DA30083433E /* SearchUserPageViewModel.swift */,
			);
			path = ViewModel;
			sourceTree = "<group>";
		};
		4D56C61D2BBAD471002ABB9F /* View */ = {
			isa = PBXGroup;
			children = (
				4D56C61E2BBAD4B3002ABB9F /* Component */,
				4D54DEFF2BADCA4700101545 /* ContentView.swift */,
				4D54DF172BADD47000101545 /* RegistrationPage.swift */,
				4D54DF132BADCBA400101545 /* LoginPage.swift */,
				4D54DF192BAFA3BE00101545 /* TopPage.swift */,
				4D37DBB42BC11D800083433E /* SearchUserPage.swift */,
			);
			path = View;
			sourceTree = "<group>";
		};
		4D56C61E2BBAD4B3002ABB9F /* Component */ = {
			isa = PBXGroup;
			children = (
				4D54DF152BADCD4300101545 /* InputField.swift */,
				4D37DBBC2BC56BB10083433E /* Card.swift */,
			);
			path = Component;
			sourceTree = "<group>";
		};
		4D56C6212BBAE61C002ABB9F /* utility */ = {
			isa = PBXGroup;
			children = (
				4D56C6222BBAE637002ABB9F /* Collection.swift */,
				4D37DBB82BC1241F0083433E /* Field.swift */,
				4D629B4D2BCEB164001FAB74 /* ScreenSize.swift */,
			);
			path = utility;
			sourceTree = "<group>";
		};
		4D56C6282BBCDC05002ABB9F /* extension */ = {
			isa = PBXGroup;
			children = (
				4D56C6292BBCDC15002ABB9F /* Date.swift */,
				4D56C62B2BBCE400002ABB9F /* Int.swift */,
				4D56C62D2BBEADBC002ABB9F /* Color.swift */,
			);
			path = extension;
			sourceTree = "<group>";
		};
/* End PBXGroup section */

/* Begin PBXNativeTarget section */
		4D54DEF92BADCA4700101545 /* NoName */ = {
			isa = PBXNativeTarget;
			buildConfigurationList = 4D54DF082BADCA4900101545 /* Build configuration list for PBXNativeTarget "NoName" */;
			buildPhases = (
				4D54DEF62BADCA4700101545 /* Sources */,
				4D54DEF72BADCA4700101545 /* Frameworks */,
				4D54DEF82BADCA4700101545 /* Resources */,
			);
			buildRules = (
			);
			dependencies = (
			);
			name = NoName;
			packageProductDependencies = (
				4D54DF242BAFBB2300101545 /* FirebaseAnalytics */,
				4D54DF262BAFBB2300101545 /* FirebaseAnalyticsOnDeviceConversion */,
				4D54DF282BAFBB2300101545 /* FirebaseAnalyticsSwift */,
				4D54DF2A2BAFBB2300101545 /* FirebaseAnalyticsWithoutAdIdSupport */,
				4D54DF2C2BAFBB2300101545 /* FirebaseAppCheck */,
				4D54DF2E2BAFBB2300101545 /* FirebaseAppDistribution-Beta */,
				4D54DF302BAFBB2300101545 /* FirebaseAuth */,
				4D54DF322BAFBB2300101545 /* FirebaseAuthCombine-Community */,
				4D54DF342BAFBB2300101545 /* FirebaseCrashlytics */,
				4D54DF362BAFBB2300101545 /* FirebaseDatabase */,
				4D54DF382BAFBB2300101545 /* FirebaseDatabaseSwift */,
				4D54DF3A2BAFBB2300101545 /* FirebaseDynamicLinks */,
				4D54DF3C2BAFBB2300101545 /* FirebaseFirestore */,
				4D54DF3E2BAFBB2300101545 /* FirebaseFirestoreCombine-Community */,
				4D54DF402BAFBB2300101545 /* FirebaseFirestoreSwift */,
				4D54DF422BAFBB2300101545 /* FirebaseFunctions */,
				4D54DF442BAFBB2300101545 /* FirebaseFunctionsCombine-Community */,
				4D54DF462BAFBB2300101545 /* FirebaseInAppMessaging-Beta */,
				4D54DF482BAFBB2300101545 /* FirebaseInAppMessagingSwift-Beta */,
				4D54DF4A2BAFBB2300101545 /* FirebaseInstallations */,
				4D54DF4C2BAFBB2300101545 /* FirebaseMLModelDownloader */,
				4D54DF4E2BAFBB2300101545 /* FirebaseMessaging */,
				4D54DF502BAFBB2300101545 /* FirebasePerformance */,
				4D54DF522BAFBB2300101545 /* FirebaseRemoteConfig */,
				4D54DF542BAFBB2300101545 /* FirebaseRemoteConfigSwift */,
				4D54DF562BAFBB2300101545 /* FirebaseStorage */,
				4D54DF582BAFBB2300101545 /* FirebaseStorageCombine-Community */,
			);
			productName = NoName;
			productReference = 4D54DEFA2BADCA4700101545 /* NoName.app */;
			productType = "com.apple.product-type.application";
		};
/* End PBXNativeTarget section */

/* Begin PBXProject section */
		4D54DEF22BADCA4700101545 /* Project object */ = {
			isa = PBXProject;
			attributes = {
				BuildIndependentTargetsInParallel = 1;
				LastSwiftUpdateCheck = 1520;
				LastUpgradeCheck = 1520;
				TargetAttributes = {
					4D54DEF92BADCA4700101545 = {
						CreatedOnToolsVersion = 15.2;
					};
				};
			};
			buildConfigurationList = 4D54DEF52BADCA4700101545 /* Build configuration list for PBXProject "NoName" */;
			compatibilityVersion = "Xcode 14.0";
			developmentRegion = en;
			hasScannedForEncodings = 0;
			knownRegions = (
				en,
				Base,
			);
			mainGroup = 4D54DEF12BADCA4700101545;
			packageReferences = (
				4D54DF232BAFBB2300101545 /* XCRemoteSwiftPackageReference "firebase-ios-sdk" */,
			);
			productRefGroup = 4D54DEFB2BADCA4700101545 /* Products */;
			projectDirPath = "";
			projectRoot = "";
			targets = (
				4D54DEF92BADCA4700101545 /* NoName */,
			);
		};
/* End PBXProject section */

/* Begin PBXResourcesBuildPhase section */
		4D54DEF82BADCA4700101545 /* Resources */ = {
			isa = PBXResourcesBuildPhase;
			buildActionMask = 2147483647;
			files = (
				4D54DF052BADCA4900101545 /* Preview Assets.xcassets in Resources */,
				4D54DF022BADCA4900101545 /* Assets.xcassets in Resources */,
				4D54DF222BAFBA3C00101545 /* GoogleService-Info.plist in Resources */,
			);
			runOnlyForDeploymentPostprocessing = 0;
		};
/* End PBXResourcesBuildPhase section */

/* Begin PBXSourcesBuildPhase section */
		4D54DEF62BADCA4700101545 /* Sources */ = {
			isa = PBXSourcesBuildPhase;
			buildActionMask = 2147483647;
			files = (
				4D54DF142BADCBA400101545 /* LoginPage.swift in Sources */,
				4D54DF162BADCD4300101545 /* InputField.swift in Sources */,
				4D37DBB72BC11DA30083433E /* SearchUserPageViewModel.swift in Sources */,
				4D629B4E2BCEB164001FAB74 /* ScreenSize.swift in Sources */,
				4D54DF002BADCA4700101545 /* ContentView.swift in Sources */,
				4D37DBB52BC11D800083433E /* SearchUserPage.swift in Sources */,
				4D54DEFE2BADCA4700101545 /* NoNameApp.swift in Sources */,
				4D54DF202BAFA9BD00101545 /* UserData.swift in Sources */,
				4D56C62E2BBEADBC002ABB9F /* Color.swift in Sources */,
				4D629B502BCEB280001FAB74 /* AuthRepository.swift in Sources */,
				4D54DF1A2BAFA3BE00101545 /* TopPage.swift in Sources */,
				4D56C6252BBB75C8002ABB9F /* TopPageViewModel.swift in Sources */,
				4D37DBB92BC1241F0083433E /* Field.swift in Sources */,
				4D56C6232BBAE637002ABB9F /* Collection.swift in Sources */,
				4D54DF182BADD47000101545 /* RegistrationPage.swift in Sources */,
				4D56C62A2BBCDC15002ABB9F /* Date.swift in Sources */,
				4D56C6192BB8E92B002ABB9F /* StepRepository.swift in Sources */,
				4D37DBBD2BC56BB10083433E /* Card.swift in Sources */,
				4D4E72072BC588F300B87ABF /* UserRepository.swift in Sources */,
				4D56C62C2BBCE400002ABB9F /* Int.swift in Sources */,
				4D56C6272BBCCB1E002ABB9F /* StepData.swift in Sources */,
				4D54DF5D2BAFBBCF00101545 /* AuthViewModel.swift in Sources */,
			);
			runOnlyForDeploymentPostprocessing = 0;
		};
/* End PBXSourcesBuildPhase section */

/* Begin XCBuildConfiguration section */
		4D54DF062BADCA4900101545 /* Debug */ = {
			isa = XCBuildConfiguration;
			buildSettings = {
				ALWAYS_SEARCH_USER_PATHS = NO;
				ASSETCATALOG_COMPILER_GENERATE_SWIFT_ASSET_SYMBOL_EXTENSIONS = YES;
				CLANG_ANALYZER_NONNULL = YES;
				CLANG_ANALYZER_NUMBER_OBJECT_CONVERSION = YES_AGGRESSIVE;
				CLANG_CXX_LANGUAGE_STANDARD = "gnu++20";
				CLANG_ENABLE_MODULES = YES;
				CLANG_ENABLE_OBJC_ARC = YES;
				CLANG_ENABLE_OBJC_WEAK = YES;
				CLANG_WARN_BLOCK_CAPTURE_AUTORELEASING = YES;
				CLANG_WARN_BOOL_CONVERSION = YES;
				CLANG_WARN_COMMA = YES;
				CLANG_WARN_CONSTANT_CONVERSION = YES;
				CLANG_WARN_DEPRECATED_OBJC_IMPLEMENTATIONS = YES;
				CLANG_WARN_DIRECT_OBJC_ISA_USAGE = YES_ERROR;
				CLANG_WARN_DOCUMENTATION_COMMENTS = YES;
				CLANG_WARN_EMPTY_BODY = YES;
				CLANG_WARN_ENUM_CONVERSION = YES;
				CLANG_WARN_INFINITE_RECURSION = YES;
				CLANG_WARN_INT_CONVERSION = YES;
				CLANG_WARN_NON_LITERAL_NULL_CONVERSION = YES;
				CLANG_WARN_OBJC_IMPLICIT_RETAIN_SELF = YES;
				CLANG_WARN_OBJC_LITERAL_CONVERSION = YES;
				CLANG_WARN_OBJC_ROOT_CLASS = YES_ERROR;
				CLANG_WARN_QUOTED_INCLUDE_IN_FRAMEWORK_HEADER = YES;
				CLANG_WARN_RANGE_LOOP_ANALYSIS = YES;
				CLANG_WARN_STRICT_PROTOTYPES = YES;
				CLANG_WARN_SUSPICIOUS_MOVE = YES;
				CLANG_WARN_UNGUARDED_AVAILABILITY = YES_AGGRESSIVE;
				CLANG_WARN_UNREACHABLE_CODE = YES;
				CLANG_WARN__DUPLICATE_METHOD_MATCH = YES;
				COPY_PHASE_STRIP = NO;
				DEBUG_INFORMATION_FORMAT = dwarf;
				ENABLE_STRICT_OBJC_MSGSEND = YES;
				ENABLE_TESTABILITY = YES;
				ENABLE_USER_SCRIPT_SANDBOXING = YES;
				GCC_C_LANGUAGE_STANDARD = gnu17;
				GCC_DYNAMIC_NO_PIC = NO;
				GCC_NO_COMMON_BLOCKS = YES;
				GCC_OPTIMIZATION_LEVEL = 0;
				GCC_PREPROCESSOR_DEFINITIONS = (
					"DEBUG=1",
					"$(inherited)",
				);
				GCC_WARN_64_TO_32_BIT_CONVERSION = YES;
				GCC_WARN_ABOUT_RETURN_TYPE = YES_ERROR;
				GCC_WARN_UNDECLARED_SELECTOR = YES;
				GCC_WARN_UNINITIALIZED_AUTOS = YES_AGGRESSIVE;
				GCC_WARN_UNUSED_FUNCTION = YES;
				GCC_WARN_UNUSED_VARIABLE = YES;
				IPHONEOS_DEPLOYMENT_TARGET = 17.2;
				LOCALIZATION_PREFERS_STRING_CATALOGS = YES;
				MTL_ENABLE_DEBUG_INFO = INCLUDE_SOURCE;
				MTL_FAST_MATH = YES;
				ONLY_ACTIVE_ARCH = YES;
				SDKROOT = iphoneos;
				SWIFT_ACTIVE_COMPILATION_CONDITIONS = "DEBUG $(inherited)";
				SWIFT_OPTIMIZATION_LEVEL = "-Onone";
			};
			name = Debug;
		};
		4D54DF072BADCA4900101545 /* Release */ = {
			isa = XCBuildConfiguration;
			buildSettings = {
				ALWAYS_SEARCH_USER_PATHS = NO;
				ASSETCATALOG_COMPILER_GENERATE_SWIFT_ASSET_SYMBOL_EXTENSIONS = YES;
				CLANG_ANALYZER_NONNULL = YES;
				CLANG_ANALYZER_NUMBER_OBJECT_CONVERSION = YES_AGGRESSIVE;
				CLANG_CXX_LANGUAGE_STANDARD = "gnu++20";
				CLANG_ENABLE_MODULES = YES;
				CLANG_ENABLE_OBJC_ARC = YES;
				CLANG_ENABLE_OBJC_WEAK = YES;
				CLANG_WARN_BLOCK_CAPTURE_AUTORELEASING = YES;
				CLANG_WARN_BOOL_CONVERSION = YES;
				CLANG_WARN_COMMA = YES;
				CLANG_WARN_CONSTANT_CONVERSION = YES;
				CLANG_WARN_DEPRECATED_OBJC_IMPLEMENTATIONS = YES;
				CLANG_WARN_DIRECT_OBJC_ISA_USAGE = YES_ERROR;
				CLANG_WARN_DOCUMENTATION_COMMENTS = YES;
				CLANG_WARN_EMPTY_BODY = YES;
				CLANG_WARN_ENUM_CONVERSION = YES;
				CLANG_WARN_INFINITE_RECURSION = YES;
				CLANG_WARN_INT_CONVERSION = YES;
				CLANG_WARN_NON_LITERAL_NULL_CONVERSION = YES;
				CLANG_WARN_OBJC_IMPLICIT_RETAIN_SELF = YES;
				CLANG_WARN_OBJC_LITERAL_CONVERSION = YES;
				CLANG_WARN_OBJC_ROOT_CLASS = YES_ERROR;
				CLANG_WARN_QUOTED_INCLUDE_IN_FRAMEWORK_HEADER = YES;
				CLANG_WARN_RANGE_LOOP_ANALYSIS = YES;
				CLANG_WARN_STRICT_PROTOTYPES = YES;
				CLANG_WARN_SUSPICIOUS_MOVE = YES;
				CLANG_WARN_UNGUARDED_AVAILABILITY = YES_AGGRESSIVE;
				CLANG_WARN_UNREACHABLE_CODE = YES;
				CLANG_WARN__DUPLICATE_METHOD_MATCH = YES;
				COPY_PHASE_STRIP = NO;
				DEBUG_INFORMATION_FORMAT = "dwarf-with-dsym";
				ENABLE_NS_ASSERTIONS = NO;
				ENABLE_STRICT_OBJC_MSGSEND = YES;
				ENABLE_USER_SCRIPT_SANDBOXING = YES;
				GCC_C_LANGUAGE_STANDARD = gnu17;
				GCC_NO_COMMON_BLOCKS = YES;
				GCC_WARN_64_TO_32_BIT_CONVERSION = YES;
				GCC_WARN_ABOUT_RETURN_TYPE = YES_ERROR;
				GCC_WARN_UNDECLARED_SELECTOR = YES;
				GCC_WARN_UNINITIALIZED_AUTOS = YES_AGGRESSIVE;
				GCC_WARN_UNUSED_FUNCTION = YES;
				GCC_WARN_UNUSED_VARIABLE = YES;
				IPHONEOS_DEPLOYMENT_TARGET = 17.2;
				LOCALIZATION_PREFERS_STRING_CATALOGS = YES;
				MTL_ENABLE_DEBUG_INFO = NO;
				MTL_FAST_MATH = YES;
				SDKROOT = iphoneos;
				SWIFT_COMPILATION_MODE = wholemodule;
				VALIDATE_PRODUCT = YES;
			};
			name = Release;
		};
		4D54DF092BADCA4900101545 /* Debug */ = {
			isa = XCBuildConfiguration;
			buildSettings = {
				ASSETCATALOG_COMPILER_APPICON_NAME = AppIcon;
				ASSETCATALOG_COMPILER_GLOBAL_ACCENT_COLOR_NAME = AccentColor;
				CODE_SIGN_ENTITLEMENTS = NoName/NoName.entitlements;
				CODE_SIGN_STYLE = Automatic;
				CURRENT_PROJECT_VERSION = 1;
				DEVELOPMENT_ASSET_PATHS = "\"NoName/Preview Content\"";
				DEVELOPMENT_TEAM = 57Z4XDHD98;
				ENABLE_PREVIEWS = YES;
				GENERATE_INFOPLIST_FILE = YES;
				INFOPLIST_FILE = NoName/Info.plist;
				INFOPLIST_KEY_NSHealthShareUsageDescription = "Please allow access to enjoy this app";
				INFOPLIST_KEY_UIApplicationSceneManifest_Generation = YES;
				INFOPLIST_KEY_UIApplicationSupportsIndirectInputEvents = YES;
				INFOPLIST_KEY_UILaunchScreen_Generation = YES;
				INFOPLIST_KEY_UISupportedInterfaceOrientations = UIInterfaceOrientationPortrait;
				INFOPLIST_KEY_UIUserInterfaceStyle = Light;
				IPHONEOS_DEPLOYMENT_TARGET = 17.0;
				LD_RUNPATH_SEARCH_PATHS = (
					"$(inherited)",
					"@executable_path/Frameworks",
				);
				MARKETING_VERSION = 1.0;
				PRODUCT_BUNDLE_IDENTIFIER = com.takaminakajima.NoName;
				PRODUCT_NAME = "$(TARGET_NAME)";
				SUPPORTED_PLATFORMS = "iphoneos iphonesimulator";
				SUPPORTS_MACCATALYST = NO;
				SUPPORTS_MAC_DESIGNED_FOR_IPHONE_IPAD = NO;
				SUPPORTS_XR_DESIGNED_FOR_IPHONE_IPAD = NO;
				SWIFT_EMIT_LOC_STRINGS = YES;
				SWIFT_VERSION = 5.0;
				TARGETED_DEVICE_FAMILY = 1;
			};
			name = Debug;
		};
		4D54DF0A2BADCA4900101545 /* Release */ = {
			isa = XCBuildConfiguration;
			buildSettings = {
				ASSETCATALOG_COMPILER_APPICON_NAME = AppIcon;
				ASSETCATALOG_COMPILER_GLOBAL_ACCENT_COLOR_NAME = AccentColor;
				CODE_SIGN_ENTITLEMENTS = NoName/NoName.entitlements;
				CODE_SIGN_STYLE = Automatic;
				CURRENT_PROJECT_VERSION = 1;
				DEVELOPMENT_ASSET_PATHS = "\"NoName/Preview Content\"";
				DEVELOPMENT_TEAM = 57Z4XDHD98;
				ENABLE_PREVIEWS = YES;
				GENERATE_INFOPLIST_FILE = YES;
				INFOPLIST_FILE = NoName/Info.plist;
				INFOPLIST_KEY_NSHealthShareUsageDescription = "Please allow access to enjoy this app";
				INFOPLIST_KEY_UIApplicationSceneManifest_Generation = YES;
				INFOPLIST_KEY_UIApplicationSupportsIndirectInputEvents = YES;
				INFOPLIST_KEY_UILaunchScreen_Generation = YES;
				INFOPLIST_KEY_UISupportedInterfaceOrientations = UIInterfaceOrientationPortrait;
				INFOPLIST_KEY_UIUserInterfaceStyle = Light;
				IPHONEOS_DEPLOYMENT_TARGET = 17.0;
				LD_RUNPATH_SEARCH_PATHS = (
					"$(inherited)",
					"@executable_path/Frameworks",
				);
				MARKETING_VERSION = 1.0;
				PRODUCT_BUNDLE_IDENTIFIER = com.takaminakajima.NoName;
				PRODUCT_NAME = "$(TARGET_NAME)";
				SUPPORTED_PLATFORMS = "iphoneos iphonesimulator";
				SUPPORTS_MACCATALYST = NO;
				SUPPORTS_MAC_DESIGNED_FOR_IPHONE_IPAD = NO;
				SUPPORTS_XR_DESIGNED_FOR_IPHONE_IPAD = NO;
				SWIFT_EMIT_LOC_STRINGS = YES;
				SWIFT_VERSION = 5.0;
				TARGETED_DEVICE_FAMILY = 1;
			};
			name = Release;
		};
/* End XCBuildConfiguration section */

/* Begin XCConfigurationList section */
		4D54DEF52BADCA4700101545 /* Build configuration list for PBXProject "NoName" */ = {
			isa = XCConfigurationList;
			buildConfigurations = (
				4D54DF062BADCA4900101545 /* Debug */,
				4D54DF072BADCA4900101545 /* Release */,
			);
			defaultConfigurationIsVisible = 0;
			defaultConfigurationName = Release;
		};
		4D54DF082BADCA4900101545 /* Build configuration list for PBXNativeTarget "NoName" */ = {
			isa = XCConfigurationList;
			buildConfigurations = (
				4D54DF092BADCA4900101545 /* Debug */,
				4D54DF0A2BADCA4900101545 /* Release */,
			);
			defaultConfigurationIsVisible = 0;
			defaultConfigurationName = Release;
		};
/* End XCConfigurationList section */

/* Begin XCRemoteSwiftPackageReference section */
		4D54DF232BAFBB2300101545 /* XCRemoteSwiftPackageReference "firebase-ios-sdk" */ = {
			isa = XCRemoteSwiftPackageReference;
			repositoryURL = "https://github.com/firebase/firebase-ios-sdk";
			requirement = {
				kind = upToNextMajorVersion;
				minimumVersion = 10.23.0;
			};
		};
/* End XCRemoteSwiftPackageReference section */

/* Begin XCSwiftPackageProductDependency section */
		4D54DF242BAFBB2300101545 /* FirebaseAnalytics */ = {
			isa = XCSwiftPackageProductDependency;
			package = 4D54DF232BAFBB2300101545 /* XCRemoteSwiftPackageReference "firebase-ios-sdk" */;
			productName = FirebaseAnalytics;
		};
		4D54DF262BAFBB2300101545 /* FirebaseAnalyticsOnDeviceConversion */ = {
			isa = XCSwiftPackageProductDependency;
			package = 4D54DF232BAFBB2300101545 /* XCRemoteSwiftPackageReference "firebase-ios-sdk" */;
			productName = FirebaseAnalyticsOnDeviceConversion;
		};
		4D54DF282BAFBB2300101545 /* FirebaseAnalyticsSwift */ = {
			isa = XCSwiftPackageProductDependency;
			package = 4D54DF232BAFBB2300101545 /* XCRemoteSwiftPackageReference "firebase-ios-sdk" */;
			productName = FirebaseAnalyticsSwift;
		};
		4D54DF2A2BAFBB2300101545 /* FirebaseAnalyticsWithoutAdIdSupport */ = {
			isa = XCSwiftPackageProductDependency;
			package = 4D54DF232BAFBB2300101545 /* XCRemoteSwiftPackageReference "firebase-ios-sdk" */;
			productName = FirebaseAnalyticsWithoutAdIdSupport;
		};
		4D54DF2C2BAFBB2300101545 /* FirebaseAppCheck */ = {
			isa = XCSwiftPackageProductDependency;
			package = 4D54DF232BAFBB2300101545 /* XCRemoteSwiftPackageReference "firebase-ios-sdk" */;
			productName = FirebaseAppCheck;
		};
		4D54DF2E2BAFBB2300101545 /* FirebaseAppDistribution-Beta */ = {
			isa = XCSwiftPackageProductDependency;
			package = 4D54DF232BAFBB2300101545 /* XCRemoteSwiftPackageReference "firebase-ios-sdk" */;
			productName = "FirebaseAppDistribution-Beta";
		};
		4D54DF302BAFBB2300101545 /* FirebaseAuth */ = {
			isa = XCSwiftPackageProductDependency;
			package = 4D54DF232BAFBB2300101545 /* XCRemoteSwiftPackageReference "firebase-ios-sdk" */;
			productName = FirebaseAuth;
		};
		4D54DF322BAFBB2300101545 /* FirebaseAuthCombine-Community */ = {
			isa = XCSwiftPackageProductDependency;
			package = 4D54DF232BAFBB2300101545 /* XCRemoteSwiftPackageReference "firebase-ios-sdk" */;
			productName = "FirebaseAuthCombine-Community";
		};
		4D54DF342BAFBB2300101545 /* FirebaseCrashlytics */ = {
			isa = XCSwiftPackageProductDependency;
			package = 4D54DF232BAFBB2300101545 /* XCRemoteSwiftPackageReference "firebase-ios-sdk" */;
			productName = FirebaseCrashlytics;
		};
		4D54DF362BAFBB2300101545 /* FirebaseDatabase */ = {
			isa = XCSwiftPackageProductDependency;
			package = 4D54DF232BAFBB2300101545 /* XCRemoteSwiftPackageReference "firebase-ios-sdk" */;
			productName = FirebaseDatabase;
		};
		4D54DF382BAFBB2300101545 /* FirebaseDatabaseSwift */ = {
			isa = XCSwiftPackageProductDependency;
			package = 4D54DF232BAFBB2300101545 /* XCRemoteSwiftPackageReference "firebase-ios-sdk" */;
			productName = FirebaseDatabaseSwift;
		};
		4D54DF3A2BAFBB2300101545 /* FirebaseDynamicLinks */ = {
			isa = XCSwiftPackageProductDependency;
			package = 4D54DF232BAFBB2300101545 /* XCRemoteSwiftPackageReference "firebase-ios-sdk" */;
			productName = FirebaseDynamicLinks;
		};
		4D54DF3C2BAFBB2300101545 /* FirebaseFirestore */ = {
			isa = XCSwiftPackageProductDependency;
			package = 4D54DF232BAFBB2300101545 /* XCRemoteSwiftPackageReference "firebase-ios-sdk" */;
			productName = FirebaseFirestore;
		};
		4D54DF3E2BAFBB2300101545 /* FirebaseFirestoreCombine-Community */ = {
			isa = XCSwiftPackageProductDependency;
			package = 4D54DF232BAFBB2300101545 /* XCRemoteSwiftPackageReference "firebase-ios-sdk" */;
			productName = "FirebaseFirestoreCombine-Community";
		};
		4D54DF402BAFBB2300101545 /* FirebaseFirestoreSwift */ = {
			isa = XCSwiftPackageProductDependency;
			package = 4D54DF232BAFBB2300101545 /* XCRemoteSwiftPackageReference "firebase-ios-sdk" */;
			productName = FirebaseFirestoreSwift;
		};
		4D54DF422BAFBB2300101545 /* FirebaseFunctions */ = {
			isa = XCSwiftPackageProductDependency;
			package = 4D54DF232BAFBB2300101545 /* XCRemoteSwiftPackageReference "firebase-ios-sdk" */;
			productName = FirebaseFunctions;
		};
		4D54DF442BAFBB2300101545 /* FirebaseFunctionsCombine-Community */ = {
			isa = XCSwiftPackageProductDependency;
			package = 4D54DF232BAFBB2300101545 /* XCRemoteSwiftPackageReference "firebase-ios-sdk" */;
			productName = "FirebaseFunctionsCombine-Community";
		};
		4D54DF462BAFBB2300101545 /* FirebaseInAppMessaging-Beta */ = {
			isa = XCSwiftPackageProductDependency;
			package = 4D54DF232BAFBB2300101545 /* XCRemoteSwiftPackageReference "firebase-ios-sdk" */;
			productName = "FirebaseInAppMessaging-Beta";
		};
		4D54DF482BAFBB2300101545 /* FirebaseInAppMessagingSwift-Beta */ = {
			isa = XCSwiftPackageProductDependency;
			package = 4D54DF232BAFBB2300101545 /* XCRemoteSwiftPackageReference "firebase-ios-sdk" */;
			productName = "FirebaseInAppMessagingSwift-Beta";
		};
		4D54DF4A2BAFBB2300101545 /* FirebaseInstallations */ = {
			isa = XCSwiftPackageProductDependency;
			package = 4D54DF232BAFBB2300101545 /* XCRemoteSwiftPackageReference "firebase-ios-sdk" */;
			productName = FirebaseInstallations;
		};
		4D54DF4C2BAFBB2300101545 /* FirebaseMLModelDownloader */ = {
			isa = XCSwiftPackageProductDependency;
			package = 4D54DF232BAFBB2300101545 /* XCRemoteSwiftPackageReference "firebase-ios-sdk" */;
			productName = FirebaseMLModelDownloader;
		};
		4D54DF4E2BAFBB2300101545 /* FirebaseMessaging */ = {
			isa = XCSwiftPackageProductDependency;
			package = 4D54DF232BAFBB2300101545 /* XCRemoteSwiftPackageReference "firebase-ios-sdk" */;
			productName = FirebaseMessaging;
		};
		4D54DF502BAFBB2300101545 /* FirebasePerformance */ = {
			isa = XCSwiftPackageProductDependency;
			package = 4D54DF232BAFBB2300101545 /* XCRemoteSwiftPackageReference "firebase-ios-sdk" */;
			productName = FirebasePerformance;
		};
		4D54DF522BAFBB2300101545 /* FirebaseRemoteConfig */ = {
			isa = XCSwiftPackageProductDependency;
			package = 4D54DF232BAFBB2300101545 /* XCRemoteSwiftPackageReference "firebase-ios-sdk" */;
			productName = FirebaseRemoteConfig;
		};
		4D54DF542BAFBB2300101545 /* FirebaseRemoteConfigSwift */ = {
			isa = XCSwiftPackageProductDependency;
			package = 4D54DF232BAFBB2300101545 /* XCRemoteSwiftPackageReference "firebase-ios-sdk" */;
			productName = FirebaseRemoteConfigSwift;
		};
		4D54DF562BAFBB2300101545 /* FirebaseStorage */ = {
			isa = XCSwiftPackageProductDependency;
			package = 4D54DF232BAFBB2300101545 /* XCRemoteSwiftPackageReference "firebase-ios-sdk" */;
			productName = FirebaseStorage;
		};
		4D54DF582BAFBB2300101545 /* FirebaseStorageCombine-Community */ = {
			isa = XCSwiftPackageProductDependency;
			package = 4D54DF232BAFBB2300101545 /* XCRemoteSwiftPackageReference "firebase-ios-sdk" */;
			productName = "FirebaseStorageCombine-Community";
		};
/* End XCSwiftPackageProductDependency section */
	};
	rootObject = 4D54DEF22BADCA4700101545 /* Project object */;
}
